// !$*UTF8*$!
{
	archiveVersion = 1;
	classes = {
	};
	objectVersion = 55;
	objects = {

/* Begin PBXBuildFile section */
		2E707A6DC2A8EA278EACFE99 /* Pods_WhiteLabelECommerce__iOS_.framework in Frameworks */ = {isa = PBXBuildFile; fileRef = FC3C6D586A0710DF9B23DE9C /* Pods_WhiteLabelECommerce__iOS_.framework */; };
		81E6EBC1F49AE157FB23E469 /* Pods_WhiteLabelECommerceTests_iOS_.framework in Frameworks */ = {isa = PBXBuildFile; fileRef = 51C68AA1E08BB8119CBAC645 /* Pods_WhiteLabelECommerceTests_iOS_.framework */; };
		852BCCFAA351D2E9CE327B84 /* Pods_WhiteLabelECommerce__macOS_.framework in Frameworks */ = {isa = PBXBuildFile; fileRef = AC852A170BF3629947648663 /* Pods_WhiteLabelECommerce__macOS_.framework */; };
		8A87C10A1E86EB48A38FE4C5 /* Pods_WhiteLabelECommerceTests_mac_.framework in Frameworks */ = {isa = PBXBuildFile; fileRef = 87B1B15A11785EB6B86136EB /* Pods_WhiteLabelECommerceTests_mac_.framework */; };
		B72AE22227C3F42100525CCD /* RemoteCreateCartUseCase.swift in Sources */ = {isa = PBXBuildFile; fileRef = B72AE22127C3F42100525CCD /* RemoteCreateCartUseCase.swift */; };
		B72AE22327C3F42100525CCD /* RemoteCreateCartUseCase.swift in Sources */ = {isa = PBXBuildFile; fileRef = B72AE22127C3F42100525CCD /* RemoteCreateCartUseCase.swift */; };
		B72AE22F27C400C500525CCD /* RemoteUpdateCartUseCaseTests.swift in Sources */ = {isa = PBXBuildFile; fileRef = B72AE22E27C400C500525CCD /* RemoteUpdateCartUseCaseTests.swift */; };
		B72AE23027C400C500525CCD /* RemoteUpdateCartUseCaseTests.swift in Sources */ = {isa = PBXBuildFile; fileRef = B72AE22E27C400C500525CCD /* RemoteUpdateCartUseCaseTests.swift */; };
		B72AE23227C404FE00525CCD /* UpdateCartUseCase.swift in Sources */ = {isa = PBXBuildFile; fileRef = B72AE23127C404FE00525CCD /* UpdateCartUseCase.swift */; };
		B72AE23327C404FE00525CCD /* UpdateCartUseCase.swift in Sources */ = {isa = PBXBuildFile; fileRef = B72AE23127C404FE00525CCD /* UpdateCartUseCase.swift */; };
		B72AE23527C406CB00525CCD /* RemoteUpdateCartUseCase.swift in Sources */ = {isa = PBXBuildFile; fileRef = B72AE23427C406CB00525CCD /* RemoteUpdateCartUseCase.swift */; };
		B72AE23627C406CB00525CCD /* RemoteUpdateCartUseCase.swift in Sources */ = {isa = PBXBuildFile; fileRef = B72AE23427C406CB00525CCD /* RemoteUpdateCartUseCase.swift */; };
		B72AE23A27C4099D00525CCD /* LocalAddProductToCartUseCaseTests.swift in Sources */ = {isa = PBXBuildFile; fileRef = B72AE23927C4099D00525CCD /* LocalAddProductToCartUseCaseTests.swift */; };
		B72AE23B27C4099D00525CCD /* LocalAddProductToCartUseCaseTests.swift in Sources */ = {isa = PBXBuildFile; fileRef = B72AE23927C4099D00525CCD /* LocalAddProductToCartUseCaseTests.swift */; };
		B72AE23E27C4131200525CCD /* LocalAddProductToCartUseCase.swift in Sources */ = {isa = PBXBuildFile; fileRef = B72AE23D27C4131200525CCD /* LocalAddProductToCartUseCase.swift */; };
		B72AE23F27C4131200525CCD /* LocalAddProductToCartUseCase.swift in Sources */ = {isa = PBXBuildFile; fileRef = B72AE23D27C4131200525CCD /* LocalAddProductToCartUseCase.swift */; };
		B72AE24227C4172300525CCD /* LocalRemoveProductInCartUseCaseTests.swift in Sources */ = {isa = PBXBuildFile; fileRef = B72AE24127C4172300525CCD /* LocalRemoveProductInCartUseCaseTests.swift */; };
		B72AE24327C4172300525CCD /* LocalRemoveProductInCartUseCaseTests.swift in Sources */ = {isa = PBXBuildFile; fileRef = B72AE24127C4172300525CCD /* LocalRemoveProductInCartUseCaseTests.swift */; };
		B72AE24527C41A7000525CCD /* LocalRemoveProductInCartUseCase.swift in Sources */ = {isa = PBXBuildFile; fileRef = B72AE24427C41A7000525CCD /* LocalRemoveProductInCartUseCase.swift */; };
		B72AE24627C41A7000525CCD /* LocalRemoveProductInCartUseCase.swift in Sources */ = {isa = PBXBuildFile; fileRef = B72AE24427C41A7000525CCD /* LocalRemoveProductInCartUseCase.swift */; };
		B72AE24827C41BC500525CCD /* UpdateProductInCartUseCaseTests.swift in Sources */ = {isa = PBXBuildFile; fileRef = B72AE24727C41BC500525CCD /* UpdateProductInCartUseCaseTests.swift */; };
		B72AE24927C41BC500525CCD /* UpdateProductInCartUseCaseTests.swift in Sources */ = {isa = PBXBuildFile; fileRef = B72AE24727C41BC500525CCD /* UpdateProductInCartUseCaseTests.swift */; };
		B72AE24B27C420F400525CCD /* LocalUpdateProductInCartUseCase.swift in Sources */ = {isa = PBXBuildFile; fileRef = B72AE24A27C420F400525CCD /* LocalUpdateProductInCartUseCase.swift */; };
		B72AE24C27C420F400525CCD /* LocalUpdateProductInCartUseCase.swift in Sources */ = {isa = PBXBuildFile; fileRef = B72AE24A27C420F400525CCD /* LocalUpdateProductInCartUseCase.swift */; };
		B72AE26127C51A3F00525CCD /* DomainError.swift in Sources */ = {isa = PBXBuildFile; fileRef = B72AE26027C51A3F00525CCD /* DomainError.swift */; };
		B72AE26227C51A3F00525CCD /* DomainError.swift in Sources */ = {isa = PBXBuildFile; fileRef = B72AE26027C51A3F00525CCD /* DomainError.swift */; };
		B72AE26427C51C0500525CCD /* ErrorExtensionTests.swift in Sources */ = {isa = PBXBuildFile; fileRef = B72AE26327C51C0500525CCD /* ErrorExtensionTests.swift */; };
		B72AE26527C51C0500525CCD /* ErrorExtensionTests.swift in Sources */ = {isa = PBXBuildFile; fileRef = B72AE26327C51C0500525CCD /* ErrorExtensionTests.swift */; };
		B72AE26727C51C3100525CCD /* ErrorExtension.swift in Sources */ = {isa = PBXBuildFile; fileRef = B72AE26627C51C3100525CCD /* ErrorExtension.swift */; };
		B72AE26827C51C3100525CCD /* ErrorExtension.swift in Sources */ = {isa = PBXBuildFile; fileRef = B72AE26627C51C3100525CCD /* ErrorExtension.swift */; };
		B72AE26A27C51E2800525CCD /* StringExtensionTests.swift in Sources */ = {isa = PBXBuildFile; fileRef = B72AE26927C51E2800525CCD /* StringExtensionTests.swift */; };
		B72AE26B27C51E2800525CCD /* StringExtensionTests.swift in Sources */ = {isa = PBXBuildFile; fileRef = B72AE26927C51E2800525CCD /* StringExtensionTests.swift */; };
		B746945E27C1317800060003 /* DateExtension.swift in Sources */ = {isa = PBXBuildFile; fileRef = B746945D27C1317800060003 /* DateExtension.swift */; };
		B746945F27C1317800060003 /* DateExtension.swift in Sources */ = {isa = PBXBuildFile; fileRef = B746945D27C1317800060003 /* DateExtension.swift */; };
		B746946227C1327600060003 /* DateExtensionTests.swift in Sources */ = {isa = PBXBuildFile; fileRef = B746946127C1327600060003 /* DateExtensionTests.swift */; };
		B746946327C1327600060003 /* DateExtensionTests.swift in Sources */ = {isa = PBXBuildFile; fileRef = B746946127C1327600060003 /* DateExtensionTests.swift */; };
		B746946527C14B6F00060003 /* CartItemTests.swift in Sources */ = {isa = PBXBuildFile; fileRef = B746946427C14B6F00060003 /* CartItemTests.swift */; };
		B746946627C14B6F00060003 /* CartItemTests.swift in Sources */ = {isa = PBXBuildFile; fileRef = B746946427C14B6F00060003 /* CartItemTests.swift */; };
		B746946827C14CED00060003 /* CartItem.swift in Sources */ = {isa = PBXBuildFile; fileRef = B746946727C14CED00060003 /* CartItem.swift */; };
		B746946927C14CED00060003 /* CartItem.swift in Sources */ = {isa = PBXBuildFile; fileRef = B746946727C14CED00060003 /* CartItem.swift */; };
		B746947327C15C3500060003 /* StringExtension.swift in Sources */ = {isa = PBXBuildFile; fileRef = B746947227C15C3500060003 /* StringExtension.swift */; };
		B746947427C15C3500060003 /* StringExtension.swift in Sources */ = {isa = PBXBuildFile; fileRef = B746947227C15C3500060003 /* StringExtension.swift */; };
		B746947A27C3F05C00060003 /* RemoteCreateCartUseCaseTests.swift in Sources */ = {isa = PBXBuildFile; fileRef = B746947927C3F05C00060003 /* RemoteCreateCartUseCaseTests.swift */; };
		B746947B27C3F05C00060003 /* RemoteCreateCartUseCaseTests.swift in Sources */ = {isa = PBXBuildFile; fileRef = B746947927C3F05C00060003 /* RemoteCreateCartUseCaseTests.swift */; };
		B74A8C9A27BEB5B2002F41CD /* WhiteLabelECommerce.xcdatamodeld in Sources */ = {isa = PBXBuildFile; fileRef = B74A8C6F27BEB5B1002F41CD /* WhiteLabelECommerce.xcdatamodeld */; };
		B74A8C9B27BEB5B2002F41CD /* WhiteLabelECommerce.xcdatamodeld in Sources */ = {isa = PBXBuildFile; fileRef = B74A8C6F27BEB5B1002F41CD /* WhiteLabelECommerce.xcdatamodeld */; };
		B74A8C9C27BEB5B2002F41CD /* WhiteLabelECommerceApp.swift in Sources */ = {isa = PBXBuildFile; fileRef = B74A8C7127BEB5B1002F41CD /* WhiteLabelECommerceApp.swift */; };
		B74A8C9D27BEB5B2002F41CD /* WhiteLabelECommerceApp.swift in Sources */ = {isa = PBXBuildFile; fileRef = B74A8C7127BEB5B1002F41CD /* WhiteLabelECommerceApp.swift */; };
		B74A8C9E27BEB5B2002F41CD /* ContentView.swift in Sources */ = {isa = PBXBuildFile; fileRef = B74A8C7227BEB5B1002F41CD /* ContentView.swift */; };
		B74A8C9F27BEB5B2002F41CD /* ContentView.swift in Sources */ = {isa = PBXBuildFile; fileRef = B74A8C7227BEB5B1002F41CD /* ContentView.swift */; };
		B74A8CA027BEB5B2002F41CD /* PersistenceController.swift in Sources */ = {isa = PBXBuildFile; fileRef = B74A8C7327BEB5B1002F41CD /* PersistenceController.swift */; };
		B74A8CA127BEB5B2002F41CD /* PersistenceController.swift in Sources */ = {isa = PBXBuildFile; fileRef = B74A8C7327BEB5B1002F41CD /* PersistenceController.swift */; };
		B74A8CA227BEB5B2002F41CD /* Assets.xcassets in Resources */ = {isa = PBXBuildFile; fileRef = B74A8C7427BEB5B2002F41CD /* Assets.xcassets */; };
		B74A8CA327BEB5B2002F41CD /* Assets.xcassets in Resources */ = {isa = PBXBuildFile; fileRef = B74A8C7427BEB5B2002F41CD /* Assets.xcassets */; };
		B74A8CC627BEC1AF002F41CD /* Model.swift in Sources */ = {isa = PBXBuildFile; fileRef = B74A8CC527BEC1AF002F41CD /* Model.swift */; };
		B74A8CCA27BEC464002F41CD /* Model.swift in Sources */ = {isa = PBXBuildFile; fileRef = B74A8CC527BEC1AF002F41CD /* Model.swift */; };
		B74A8CE327BEC691002F41CD /* ModelTests.swift in Sources */ = {isa = PBXBuildFile; fileRef = B74A8CB627BEB815002F41CD /* ModelTests.swift */; };
		B74A8CF427BEC81B002F41CD /* ModelTests.swift in Sources */ = {isa = PBXBuildFile; fileRef = B74A8CB627BEB815002F41CD /* ModelTests.swift */; };
		B74A8CFC27BED3F6002F41CD /* ProductTests.swift in Sources */ = {isa = PBXBuildFile; fileRef = B74A8CFB27BED3F6002F41CD /* ProductTests.swift */; };
		B74A8CFD27BED3F6002F41CD /* ProductTests.swift in Sources */ = {isa = PBXBuildFile; fileRef = B74A8CFB27BED3F6002F41CD /* ProductTests.swift */; };
		B74A8CFF27BEDB0A002F41CD /* Product.swift in Sources */ = {isa = PBXBuildFile; fileRef = B74A8CFE27BEDB0A002F41CD /* Product.swift */; };
		B74A8D0027BEDB0A002F41CD /* Product.swift in Sources */ = {isa = PBXBuildFile; fileRef = B74A8CFE27BEDB0A002F41CD /* Product.swift */; };
		B74A8D0427BEDC95002F41CD /* CartTests.swift in Sources */ = {isa = PBXBuildFile; fileRef = B74A8D0127BEDC3C002F41CD /* CartTests.swift */; };
		B74A8D0527BEDC96002F41CD /* CartTests.swift in Sources */ = {isa = PBXBuildFile; fileRef = B74A8D0127BEDC3C002F41CD /* CartTests.swift */; };
		B74A8D0727BEDE67002F41CD /* Cart.swift in Sources */ = {isa = PBXBuildFile; fileRef = B74A8D0627BEDE67002F41CD /* Cart.swift */; };
		B74A8D0827BEDE67002F41CD /* Cart.swift in Sources */ = {isa = PBXBuildFile; fileRef = B74A8D0627BEDE67002F41CD /* Cart.swift */; };
		B74A8D0A27BEDED6002F41CD /* UsersTests.swift in Sources */ = {isa = PBXBuildFile; fileRef = B74A8D0927BEDED6002F41CD /* UsersTests.swift */; };
		B74A8D0B27BEDED6002F41CD /* UsersTests.swift in Sources */ = {isa = PBXBuildFile; fileRef = B74A8D0927BEDED6002F41CD /* UsersTests.swift */; };
		B74A8D0D27BEE42C002F41CD /* User.swift in Sources */ = {isa = PBXBuildFile; fileRef = B74A8D0C27BEE42C002F41CD /* User.swift */; };
		B74A8D0E27BEE42C002F41CD /* User.swift in Sources */ = {isa = PBXBuildFile; fileRef = B74A8D0C27BEE42C002F41CD /* User.swift */; };
		B74A8D1227BFB973002F41CD /* GetAllProductsUseCase.swift in Sources */ = {isa = PBXBuildFile; fileRef = B74A8D1127BFB973002F41CD /* GetAllProductsUseCase.swift */; };
		B74A8D1327BFB973002F41CD /* GetAllProductsUseCase.swift in Sources */ = {isa = PBXBuildFile; fileRef = B74A8D1127BFB973002F41CD /* GetAllProductsUseCase.swift */; };
		B74A8D1627BFBAE4002F41CD /* TypeAlias.swift in Sources */ = {isa = PBXBuildFile; fileRef = B74A8D1527BFBAE4002F41CD /* TypeAlias.swift */; };
		B74A8D1727BFBAE4002F41CD /* TypeAlias.swift in Sources */ = {isa = PBXBuildFile; fileRef = B74A8D1527BFBAE4002F41CD /* TypeAlias.swift */; };
		B74A8D1C27BFBC4C002F41CD /* GetProductUseCase.swift in Sources */ = {isa = PBXBuildFile; fileRef = B74A8D1B27BFBC4C002F41CD /* GetProductUseCase.swift */; };
		B74A8D1D27BFBC4C002F41CD /* GetProductUseCase.swift in Sources */ = {isa = PBXBuildFile; fileRef = B74A8D1B27BFBC4C002F41CD /* GetProductUseCase.swift */; };
		B74A8D2027BFBE45002F41CD /* GetCurrentCartUseCase.swift in Sources */ = {isa = PBXBuildFile; fileRef = B74A8D1F27BFBE45002F41CD /* GetCurrentCartUseCase.swift */; };
		B74A8D2127BFBE45002F41CD /* GetCurrentCartUseCase.swift in Sources */ = {isa = PBXBuildFile; fileRef = B74A8D1F27BFBE45002F41CD /* GetCurrentCartUseCase.swift */; };
		B74A8D2327BFBFE3002F41CD /* AddProductToCartUseCase.swift in Sources */ = {isa = PBXBuildFile; fileRef = B74A8D2227BFBFE3002F41CD /* AddProductToCartUseCase.swift */; };
		B74A8D2427BFBFE3002F41CD /* AddProductToCartUseCase.swift in Sources */ = {isa = PBXBuildFile; fileRef = B74A8D2227BFBFE3002F41CD /* AddProductToCartUseCase.swift */; };
		B74A8D2627BFC213002F41CD /* CreateCartUseCase.swift in Sources */ = {isa = PBXBuildFile; fileRef = B74A8D2527BFC213002F41CD /* CreateCartUseCase.swift */; };
		B74A8D2727BFC213002F41CD /* CreateCartUseCase.swift in Sources */ = {isa = PBXBuildFile; fileRef = B74A8D2527BFC213002F41CD /* CreateCartUseCase.swift */; };
		B74A8D2927BFC4C5002F41CD /* UpdateProductInCartUseCase.swift in Sources */ = {isa = PBXBuildFile; fileRef = B74A8D2827BFC4C5002F41CD /* UpdateProductInCartUseCase.swift */; };
		B74A8D2A27BFC4C5002F41CD /* UpdateProductInCartUseCase.swift in Sources */ = {isa = PBXBuildFile; fileRef = B74A8D2827BFC4C5002F41CD /* UpdateProductInCartUseCase.swift */; };
		B74A8D2C27BFC551002F41CD /* RemoveProductInCartUseCase.swift in Sources */ = {isa = PBXBuildFile; fileRef = B74A8D2B27BFC551002F41CD /* RemoveProductInCartUseCase.swift */; };
		B74A8D2D27BFC551002F41CD /* RemoveProductInCartUseCase.swift in Sources */ = {isa = PBXBuildFile; fileRef = B74A8D2B27BFC551002F41CD /* RemoveProductInCartUseCase.swift */; };
		B74A8D2F27BFC62A002F41CD /* AuthenticationUseCase.swift in Sources */ = {isa = PBXBuildFile; fileRef = B74A8D2E27BFC62A002F41CD /* AuthenticationUseCase.swift */; };
		B74A8D3027BFC62A002F41CD /* AuthenticationUseCase.swift in Sources */ = {isa = PBXBuildFile; fileRef = B74A8D2E27BFC62A002F41CD /* AuthenticationUseCase.swift */; };
		B74A8D3227BFC8BF002F41CD /* AuthenticationTests.swift in Sources */ = {isa = PBXBuildFile; fileRef = B74A8D3127BFC8BE002F41CD /* AuthenticationTests.swift */; };
		B74A8D3327BFC8BF002F41CD /* AuthenticationTests.swift in Sources */ = {isa = PBXBuildFile; fileRef = B74A8D3127BFC8BE002F41CD /* AuthenticationTests.swift */; };
		B74A8D3527BFC992002F41CD /* Authentication.swift in Sources */ = {isa = PBXBuildFile; fileRef = B74A8D3427BFC992002F41CD /* Authentication.swift */; };
		B74A8D3627BFC992002F41CD /* Authentication.swift in Sources */ = {isa = PBXBuildFile; fileRef = B74A8D3427BFC992002F41CD /* Authentication.swift */; };
		B74A8D4027BFDB1A002F41CD /* HTTPClient.swift in Sources */ = {isa = PBXBuildFile; fileRef = B74A8D3F27BFDB1A002F41CD /* HTTPClient.swift */; };
		B74A8D4127BFDB1A002F41CD /* HTTPClient.swift in Sources */ = {isa = PBXBuildFile; fileRef = B74A8D3F27BFDB1A002F41CD /* HTTPClient.swift */; };
		B74A8D4627BFDCA1002F41CD /* HTTPMethodTests.swift in Sources */ = {isa = PBXBuildFile; fileRef = B74A8D4427BFDCA1002F41CD /* HTTPMethodTests.swift */; };
		B74A8D4727BFDCA1002F41CD /* HTTPMethodTests.swift in Sources */ = {isa = PBXBuildFile; fileRef = B74A8D4427BFDCA1002F41CD /* HTTPMethodTests.swift */; };
		B74A8D4827BFDCA1002F41CD /* HTTPErrorTests.swift in Sources */ = {isa = PBXBuildFile; fileRef = B74A8D4527BFDCA1002F41CD /* HTTPErrorTests.swift */; };
		B74A8D4927BFDCA1002F41CD /* HTTPErrorTests.swift in Sources */ = {isa = PBXBuildFile; fileRef = B74A8D4527BFDCA1002F41CD /* HTTPErrorTests.swift */; };
		B74A8D4C27BFDCB4002F41CD /* HTTPError.swift in Sources */ = {isa = PBXBuildFile; fileRef = B74A8D4A27BFDCB4002F41CD /* HTTPError.swift */; };
		B74A8D4D27BFDCB4002F41CD /* HTTPError.swift in Sources */ = {isa = PBXBuildFile; fileRef = B74A8D4A27BFDCB4002F41CD /* HTTPError.swift */; };
		B74A8D4E27BFDCB4002F41CD /* HTTPMethod.swift in Sources */ = {isa = PBXBuildFile; fileRef = B74A8D4B27BFDCB4002F41CD /* HTTPMethod.swift */; };
		B74A8D4F27BFDCB4002F41CD /* HTTPMethod.swift in Sources */ = {isa = PBXBuildFile; fileRef = B74A8D4B27BFDCB4002F41CD /* HTTPMethod.swift */; };
		B74A8D5B27BFE780002F41CD /* RemoteGetAllProductsUseCaseTests.swift in Sources */ = {isa = PBXBuildFile; fileRef = B74A8D5A27BFE780002F41CD /* RemoteGetAllProductsUseCaseTests.swift */; };
		B74A8D5C27BFE780002F41CD /* RemoteGetAllProductsUseCaseTests.swift in Sources */ = {isa = PBXBuildFile; fileRef = B74A8D5A27BFE780002F41CD /* RemoteGetAllProductsUseCaseTests.swift */; };
		B74A8D6127BFE87F002F41CD /* MockHTTPClient.swift in Sources */ = {isa = PBXBuildFile; fileRef = B74A8D6027BFE87F002F41CD /* MockHTTPClient.swift */; };
		B74A8D6227BFE87F002F41CD /* MockHTTPClient.swift in Sources */ = {isa = PBXBuildFile; fileRef = B74A8D6027BFE87F002F41CD /* MockHTTPClient.swift */; };
		B74A8D6427BFEE77002F41CD /* Mocks.swift in Sources */ = {isa = PBXBuildFile; fileRef = B74A8D6327BFEE77002F41CD /* Mocks.swift */; };
		B74A8D6527BFEE77002F41CD /* Mocks.swift in Sources */ = {isa = PBXBuildFile; fileRef = B74A8D6327BFEE77002F41CD /* Mocks.swift */; };
		B74A8D6B27C02D32002F41CD /* RemoteGetAllProductsUseCase.swift in Sources */ = {isa = PBXBuildFile; fileRef = B74A8D6A27C02D32002F41CD /* RemoteGetAllProductsUseCase.swift */; };
		B74A8D6C27C02D32002F41CD /* RemoteGetAllProductsUseCase.swift in Sources */ = {isa = PBXBuildFile; fileRef = B74A8D6A27C02D32002F41CD /* RemoteGetAllProductsUseCase.swift */; };
		B74A8D7727C0342F002F41CD /* RemoteGetProductUseCaseTests.swift in Sources */ = {isa = PBXBuildFile; fileRef = B74A8D7627C0342F002F41CD /* RemoteGetProductUseCaseTests.swift */; };
		B74A8D7827C0342F002F41CD /* RemoteGetProductUseCaseTests.swift in Sources */ = {isa = PBXBuildFile; fileRef = B74A8D7627C0342F002F41CD /* RemoteGetProductUseCaseTests.swift */; };
		B74A8D7A27C035BC002F41CD /* RemoteGetProductUseCase.swift in Sources */ = {isa = PBXBuildFile; fileRef = B74A8D7927C035BC002F41CD /* RemoteGetProductUseCase.swift */; };
		B74A8D7B27C035BC002F41CD /* RemoteGetProductUseCase.swift in Sources */ = {isa = PBXBuildFile; fileRef = B74A8D7927C035BC002F41CD /* RemoteGetProductUseCase.swift */; };
		B74A8D7D27C10F67002F41CD /* RemoteGetCurrentCartUseCaseTests.swift in Sources */ = {isa = PBXBuildFile; fileRef = B74A8D7C27C10F67002F41CD /* RemoteGetCurrentCartUseCaseTests.swift */; };
		B74A8D7E27C10F67002F41CD /* RemoteGetCurrentCartUseCaseTests.swift in Sources */ = {isa = PBXBuildFile; fileRef = B74A8D7C27C10F67002F41CD /* RemoteGetCurrentCartUseCaseTests.swift */; };
		B74A8D8627C111D6002F41CD /* RemoteGetCurrentCartUseCase.swift in Sources */ = {isa = PBXBuildFile; fileRef = B74A8D8527C111D6002F41CD /* RemoteGetCurrentCartUseCase.swift */; };
		B74A8D8727C111D6002F41CD /* RemoteGetCurrentCartUseCase.swift in Sources */ = {isa = PBXBuildFile; fileRef = B74A8D8527C111D6002F41CD /* RemoteGetCurrentCartUseCase.swift */; };
		B75F0DA527C668360031412C /* GetCurrentCartRequestTests.swift in Sources */ = {isa = PBXBuildFile; fileRef = B75F0D9F27C668350031412C /* GetCurrentCartRequestTests.swift */; };
		B75F0DA627C668360031412C /* GetCurrentCartRequestTests.swift in Sources */ = {isa = PBXBuildFile; fileRef = B75F0D9F27C668350031412C /* GetCurrentCartRequestTests.swift */; };
		B75F0DA727C668360031412C /* GetAllProductsRequestTests.swift in Sources */ = {isa = PBXBuildFile; fileRef = B75F0DA027C668360031412C /* GetAllProductsRequestTests.swift */; };
		B75F0DA827C668360031412C /* GetAllProductsRequestTests.swift in Sources */ = {isa = PBXBuildFile; fileRef = B75F0DA027C668360031412C /* GetAllProductsRequestTests.swift */; };
		B75F0DA927C668360031412C /* GetProductRequestTests.swift in Sources */ = {isa = PBXBuildFile; fileRef = B75F0DA127C668360031412C /* GetProductRequestTests.swift */; };
		B75F0DAA27C668360031412C /* GetProductRequestTests.swift in Sources */ = {isa = PBXBuildFile; fileRef = B75F0DA127C668360031412C /* GetProductRequestTests.swift */; };
		B75F0DAB27C668360031412C /* CreateCartRequestTests.swift in Sources */ = {isa = PBXBuildFile; fileRef = B75F0DA227C668360031412C /* CreateCartRequestTests.swift */; };
		B75F0DAC27C668360031412C /* CreateCartRequestTests.swift in Sources */ = {isa = PBXBuildFile; fileRef = B75F0DA227C668360031412C /* CreateCartRequestTests.swift */; };
		B75F0DAD27C668360031412C /* RequestTests.swift in Sources */ = {isa = PBXBuildFile; fileRef = B75F0DA327C668360031412C /* RequestTests.swift */; };
		B75F0DAE27C668360031412C /* RequestTests.swift in Sources */ = {isa = PBXBuildFile; fileRef = B75F0DA327C668360031412C /* RequestTests.swift */; };
		B75F0DAF27C668360031412C /* UpdateCartRequestTests.swift in Sources */ = {isa = PBXBuildFile; fileRef = B75F0DA427C668360031412C /* UpdateCartRequestTests.swift */; };
		B75F0DB027C668360031412C /* UpdateCartRequestTests.swift in Sources */ = {isa = PBXBuildFile; fileRef = B75F0DA427C668360031412C /* UpdateCartRequestTests.swift */; };
		B75F0DB927C6685F0031412C /* UpdateCartRequest.swift in Sources */ = {isa = PBXBuildFile; fileRef = B75F0DB327C6685F0031412C /* UpdateCartRequest.swift */; };
		B75F0DBA27C6685F0031412C /* UpdateCartRequest.swift in Sources */ = {isa = PBXBuildFile; fileRef = B75F0DB327C6685F0031412C /* UpdateCartRequest.swift */; };
		B75F0DBB27C6685F0031412C /* Request.swift in Sources */ = {isa = PBXBuildFile; fileRef = B75F0DB427C6685F0031412C /* Request.swift */; };
		B75F0DBC27C6685F0031412C /* Request.swift in Sources */ = {isa = PBXBuildFile; fileRef = B75F0DB427C6685F0031412C /* Request.swift */; };
		B75F0DBD27C6685F0031412C /* CreateCartRequest.swift in Sources */ = {isa = PBXBuildFile; fileRef = B75F0DB527C6685F0031412C /* CreateCartRequest.swift */; };
		B75F0DBE27C6685F0031412C /* CreateCartRequest.swift in Sources */ = {isa = PBXBuildFile; fileRef = B75F0DB527C6685F0031412C /* CreateCartRequest.swift */; };
		B75F0DBF27C6685F0031412C /* GetCurrentCartRequest.swift in Sources */ = {isa = PBXBuildFile; fileRef = B75F0DB627C6685F0031412C /* GetCurrentCartRequest.swift */; };
		B75F0DC027C6685F0031412C /* GetCurrentCartRequest.swift in Sources */ = {isa = PBXBuildFile; fileRef = B75F0DB627C6685F0031412C /* GetCurrentCartRequest.swift */; };
		B75F0DC127C6685F0031412C /* GetAllProductsRequest.swift in Sources */ = {isa = PBXBuildFile; fileRef = B75F0DB727C6685F0031412C /* GetAllProductsRequest.swift */; };
		B75F0DC227C6685F0031412C /* GetAllProductsRequest.swift in Sources */ = {isa = PBXBuildFile; fileRef = B75F0DB727C6685F0031412C /* GetAllProductsRequest.swift */; };
		B75F0DC327C6685F0031412C /* GetProductRequest.swift in Sources */ = {isa = PBXBuildFile; fileRef = B75F0DB827C6685F0031412C /* GetProductRequest.swift */; };
		B75F0DC427C6685F0031412C /* GetProductRequest.swift in Sources */ = {isa = PBXBuildFile; fileRef = B75F0DB827C6685F0031412C /* GetProductRequest.swift */; };
		B75F0DC727C6687B0031412C /* CartExtension.swift in Sources */ = {isa = PBXBuildFile; fileRef = B75F0DC627C6687B0031412C /* CartExtension.swift */; };
		B75F0DC827C6687B0031412C /* CartExtension.swift in Sources */ = {isa = PBXBuildFile; fileRef = B75F0DC627C6687B0031412C /* CartExtension.swift */; };
		B75F0DCB27C66B400031412C /* NativeHTTPClientTests.swift in Sources */ = {isa = PBXBuildFile; fileRef = B75F0DCA27C66B400031412C /* NativeHTTPClientTests.swift */; };
		B75F0DCC27C66B400031412C /* NativeHTTPClientTests.swift in Sources */ = {isa = PBXBuildFile; fileRef = B75F0DCA27C66B400031412C /* NativeHTTPClientTests.swift */; };
		B75F0DD027C66B810031412C /* MockURLProtocol.swift in Sources */ = {isa = PBXBuildFile; fileRef = B75F0DCF27C66B810031412C /* MockURLProtocol.swift */; };
		B75F0DD127C66B810031412C /* MockURLProtocol.swift in Sources */ = {isa = PBXBuildFile; fileRef = B75F0DCF27C66B810031412C /* MockURLProtocol.swift */; };
		B75F0DD427C673F10031412C /* NativeHTTPClient.swift in Sources */ = {isa = PBXBuildFile; fileRef = B75F0DD327C673F10031412C /* NativeHTTPClient.swift */; };
		B75F0DD527C673F10031412C /* NativeHTTPClient.swift in Sources */ = {isa = PBXBuildFile; fileRef = B75F0DD327C673F10031412C /* NativeHTTPClient.swift */; };
		B7C4376027C6625F0054CF33 /* RemoteAuthenticationUseCaseTests.swift in Sources */ = {isa = PBXBuildFile; fileRef = B7C4375F27C6625F0054CF33 /* RemoteAuthenticationUseCaseTests.swift */; };
		B7C4376127C6625F0054CF33 /* RemoteAuthenticationUseCaseTests.swift in Sources */ = {isa = PBXBuildFile; fileRef = B7C4375F27C6625F0054CF33 /* RemoteAuthenticationUseCaseTests.swift */; };
		B7C4376327C662E60054CF33 /* RemoteAuthenticationUseCase.swift in Sources */ = {isa = PBXBuildFile; fileRef = B7C4376227C662E60054CF33 /* RemoteAuthenticationUseCase.swift */; };
		B7C4376427C662E60054CF33 /* RemoteAuthenticationUseCase.swift in Sources */ = {isa = PBXBuildFile; fileRef = B7C4376227C662E60054CF33 /* RemoteAuthenticationUseCase.swift */; };
/* End PBXBuildFile section */

/* Begin PBXContainerItemProxy section */
		B74A8CD327BEC64C002F41CD /* PBXContainerItemProxy */ = {
			isa = PBXContainerItemProxy;
			containerPortal = B74A8C6A27BEB5B1002F41CD /* Project object */;
			proxyType = 1;
			remoteGlobalIDString = B74A8C7827BEB5B2002F41CD;
			remoteInfo = "WhiteLabelECommerce (iOS)";
		};
		B74A8CEF27BEC80C002F41CD /* PBXContainerItemProxy */ = {
			isa = PBXContainerItemProxy;
			containerPortal = B74A8C6A27BEB5B1002F41CD /* Project object */;
			proxyType = 1;
			remoteGlobalIDString = B74A8C7E27BEB5B2002F41CD;
			remoteInfo = "WhiteLabelECommerce (macOS)";
		};
/* End PBXContainerItemProxy section */

/* Begin PBXFileReference section */
		353C024767C7BFBC452EC9B8 /* Pods-WhiteLabelECommerce (iOS).release.xcconfig */ = {isa = PBXFileReference; includeInIndex = 1; lastKnownFileType = text.xcconfig; name = "Pods-WhiteLabelECommerce (iOS).release.xcconfig"; path = "Target Support Files/Pods-WhiteLabelECommerce (iOS)/Pods-WhiteLabelECommerce (iOS).release.xcconfig"; sourceTree = "<group>"; };
		4ECF3023D916280F28FD529E /* Pods-WhiteLabelECommerceTests(mac).release.xcconfig */ = {isa = PBXFileReference; includeInIndex = 1; lastKnownFileType = text.xcconfig; name = "Pods-WhiteLabelECommerceTests(mac).release.xcconfig"; path = "Target Support Files/Pods-WhiteLabelECommerceTests(mac)/Pods-WhiteLabelECommerceTests(mac).release.xcconfig"; sourceTree = "<group>"; };
		51C68AA1E08BB8119CBAC645 /* Pods_WhiteLabelECommerceTests_iOS_.framework */ = {isa = PBXFileReference; explicitFileType = wrapper.framework; includeInIndex = 0; path = Pods_WhiteLabelECommerceTests_iOS_.framework; sourceTree = BUILT_PRODUCTS_DIR; };
		60E61A3B94C22716C2E0151E /* Pods-WhiteLabelECommerce (iOS).debug.xcconfig */ = {isa = PBXFileReference; includeInIndex = 1; lastKnownFileType = text.xcconfig; name = "Pods-WhiteLabelECommerce (iOS).debug.xcconfig"; path = "Target Support Files/Pods-WhiteLabelECommerce (iOS)/Pods-WhiteLabelECommerce (iOS).debug.xcconfig"; sourceTree = "<group>"; };
		6699D83C401AC3026BC1322C /* Pods-WhiteLabelECommerceTests(mac).debug.xcconfig */ = {isa = PBXFileReference; includeInIndex = 1; lastKnownFileType = text.xcconfig; name = "Pods-WhiteLabelECommerceTests(mac).debug.xcconfig"; path = "Target Support Files/Pods-WhiteLabelECommerceTests(mac)/Pods-WhiteLabelECommerceTests(mac).debug.xcconfig"; sourceTree = "<group>"; };
		70B308FDB1ADA6F52CD95A10 /* Pods-WhiteLabelECommerceTests(iOS).release.xcconfig */ = {isa = PBXFileReference; includeInIndex = 1; lastKnownFileType = text.xcconfig; name = "Pods-WhiteLabelECommerceTests(iOS).release.xcconfig"; path = "Target Support Files/Pods-WhiteLabelECommerceTests(iOS)/Pods-WhiteLabelECommerceTests(iOS).release.xcconfig"; sourceTree = "<group>"; };
		87B1B15A11785EB6B86136EB /* Pods_WhiteLabelECommerceTests_mac_.framework */ = {isa = PBXFileReference; explicitFileType = wrapper.framework; includeInIndex = 0; path = Pods_WhiteLabelECommerceTests_mac_.framework; sourceTree = BUILT_PRODUCTS_DIR; };
		91F47F37A635D63E7CC79D63 /* Pods-WhiteLabelECommerce (macOS).release.xcconfig */ = {isa = PBXFileReference; includeInIndex = 1; lastKnownFileType = text.xcconfig; name = "Pods-WhiteLabelECommerce (macOS).release.xcconfig"; path = "Target Support Files/Pods-WhiteLabelECommerce (macOS)/Pods-WhiteLabelECommerce (macOS).release.xcconfig"; sourceTree = "<group>"; };
		AC852A170BF3629947648663 /* Pods_WhiteLabelECommerce__macOS_.framework */ = {isa = PBXFileReference; explicitFileType = wrapper.framework; includeInIndex = 0; path = Pods_WhiteLabelECommerce__macOS_.framework; sourceTree = BUILT_PRODUCTS_DIR; };
		B72AE22127C3F42100525CCD /* RemoteCreateCartUseCase.swift */ = {isa = PBXFileReference; lastKnownFileType = sourcecode.swift; path = RemoteCreateCartUseCase.swift; sourceTree = "<group>"; };
		B72AE22E27C400C500525CCD /* RemoteUpdateCartUseCaseTests.swift */ = {isa = PBXFileReference; lastKnownFileType = sourcecode.swift; path = RemoteUpdateCartUseCaseTests.swift; sourceTree = "<group>"; };
		B72AE23127C404FE00525CCD /* UpdateCartUseCase.swift */ = {isa = PBXFileReference; lastKnownFileType = sourcecode.swift; path = UpdateCartUseCase.swift; sourceTree = "<group>"; };
		B72AE23427C406CB00525CCD /* RemoteUpdateCartUseCase.swift */ = {isa = PBXFileReference; lastKnownFileType = sourcecode.swift; path = RemoteUpdateCartUseCase.swift; sourceTree = "<group>"; };
		B72AE23927C4099D00525CCD /* LocalAddProductToCartUseCaseTests.swift */ = {isa = PBXFileReference; lastKnownFileType = sourcecode.swift; path = LocalAddProductToCartUseCaseTests.swift; sourceTree = "<group>"; };
		B72AE23D27C4131200525CCD /* LocalAddProductToCartUseCase.swift */ = {isa = PBXFileReference; lastKnownFileType = sourcecode.swift; path = LocalAddProductToCartUseCase.swift; sourceTree = "<group>"; };
		B72AE24127C4172300525CCD /* LocalRemoveProductInCartUseCaseTests.swift */ = {isa = PBXFileReference; lastKnownFileType = sourcecode.swift; path = LocalRemoveProductInCartUseCaseTests.swift; sourceTree = "<group>"; };
		B72AE24427C41A7000525CCD /* LocalRemoveProductInCartUseCase.swift */ = {isa = PBXFileReference; lastKnownFileType = sourcecode.swift; path = LocalRemoveProductInCartUseCase.swift; sourceTree = "<group>"; };
		B72AE24727C41BC500525CCD /* UpdateProductInCartUseCaseTests.swift */ = {isa = PBXFileReference; lastKnownFileType = sourcecode.swift; path = UpdateProductInCartUseCaseTests.swift; sourceTree = "<group>"; };
		B72AE24A27C420F400525CCD /* LocalUpdateProductInCartUseCase.swift */ = {isa = PBXFileReference; lastKnownFileType = sourcecode.swift; path = LocalUpdateProductInCartUseCase.swift; sourceTree = "<group>"; };
		B72AE26027C51A3F00525CCD /* DomainError.swift */ = {isa = PBXFileReference; lastKnownFileType = sourcecode.swift; path = DomainError.swift; sourceTree = "<group>"; };
		B72AE26327C51C0500525CCD /* ErrorExtensionTests.swift */ = {isa = PBXFileReference; lastKnownFileType = sourcecode.swift; name = ErrorExtensionTests.swift; path = SharedTests/Domain/Utils/ErrorExtensionTests.swift; sourceTree = SOURCE_ROOT; };
		B72AE26627C51C3100525CCD /* ErrorExtension.swift */ = {isa = PBXFileReference; lastKnownFileType = sourcecode.swift; path = ErrorExtension.swift; sourceTree = "<group>"; };
		B72AE26927C51E2800525CCD /* StringExtensionTests.swift */ = {isa = PBXFileReference; lastKnownFileType = sourcecode.swift; path = StringExtensionTests.swift; sourceTree = "<group>"; };
		B746945D27C1317800060003 /* DateExtension.swift */ = {isa = PBXFileReference; lastKnownFileType = sourcecode.swift; path = DateExtension.swift; sourceTree = "<group>"; };
		B746946127C1327600060003 /* DateExtensionTests.swift */ = {isa = PBXFileReference; lastKnownFileType = sourcecode.swift; path = DateExtensionTests.swift; sourceTree = "<group>"; };
		B746946427C14B6F00060003 /* CartItemTests.swift */ = {isa = PBXFileReference; lastKnownFileType = sourcecode.swift; path = CartItemTests.swift; sourceTree = "<group>"; };
		B746946727C14CED00060003 /* CartItem.swift */ = {isa = PBXFileReference; lastKnownFileType = sourcecode.swift; path = CartItem.swift; sourceTree = "<group>"; };
		B746947227C15C3500060003 /* StringExtension.swift */ = {isa = PBXFileReference; lastKnownFileType = sourcecode.swift; path = StringExtension.swift; sourceTree = "<group>"; };
		B746947927C3F05C00060003 /* RemoteCreateCartUseCaseTests.swift */ = {isa = PBXFileReference; lastKnownFileType = sourcecode.swift; path = RemoteCreateCartUseCaseTests.swift; sourceTree = "<group>"; };
		B74A8C7027BEB5B1002F41CD /* Shared.xcdatamodel */ = {isa = PBXFileReference; lastKnownFileType = wrapper.xcdatamodel; path = Shared.xcdatamodel; sourceTree = "<group>"; };
		B74A8C7127BEB5B1002F41CD /* WhiteLabelECommerceApp.swift */ = {isa = PBXFileReference; lastKnownFileType = sourcecode.swift; path = WhiteLabelECommerceApp.swift; sourceTree = "<group>"; };
		B74A8C7227BEB5B1002F41CD /* ContentView.swift */ = {isa = PBXFileReference; lastKnownFileType = sourcecode.swift; path = ContentView.swift; sourceTree = "<group>"; };
		B74A8C7327BEB5B1002F41CD /* PersistenceController.swift */ = {isa = PBXFileReference; lastKnownFileType = sourcecode.swift; path = PersistenceController.swift; sourceTree = "<group>"; };
		B74A8C7427BEB5B2002F41CD /* Assets.xcassets */ = {isa = PBXFileReference; lastKnownFileType = folder.assetcatalog; path = Assets.xcassets; sourceTree = "<group>"; };
		B74A8C7927BEB5B2002F41CD /* WhiteLabelECommerce.app */ = {isa = PBXFileReference; explicitFileType = wrapper.application; includeInIndex = 0; path = WhiteLabelECommerce.app; sourceTree = BUILT_PRODUCTS_DIR; };
		B74A8C7F27BEB5B2002F41CD /* WhiteLabelECommerce.app */ = {isa = PBXFileReference; explicitFileType = wrapper.application; includeInIndex = 0; path = WhiteLabelECommerce.app; sourceTree = BUILT_PRODUCTS_DIR; };
		B74A8C8127BEB5B2002F41CD /* macOS.entitlements */ = {isa = PBXFileReference; lastKnownFileType = text.plist.entitlements; path = macOS.entitlements; sourceTree = "<group>"; };
		B74A8CB627BEB815002F41CD /* ModelTests.swift */ = {isa = PBXFileReference; lastKnownFileType = sourcecode.swift; path = ModelTests.swift; sourceTree = "<group>"; };
		B74A8CC527BEC1AF002F41CD /* Model.swift */ = {isa = PBXFileReference; fileEncoding = 4; lastKnownFileType = sourcecode.swift; path = Model.swift; sourceTree = "<group>"; };
		B74A8CCF27BEC64C002F41CD /* WhiteLabelECommerceTests(iOS).xctest */ = {isa = PBXFileReference; explicitFileType = wrapper.cfbundle; includeInIndex = 0; path = "WhiteLabelECommerceTests(iOS).xctest"; sourceTree = BUILT_PRODUCTS_DIR; };
		B74A8CEB27BEC80C002F41CD /* WhiteLabelECommerceTests(mac).xctest */ = {isa = PBXFileReference; explicitFileType = wrapper.cfbundle; includeInIndex = 0; path = "WhiteLabelECommerceTests(mac).xctest"; sourceTree = BUILT_PRODUCTS_DIR; };
		B74A8CFB27BED3F6002F41CD /* ProductTests.swift */ = {isa = PBXFileReference; lastKnownFileType = sourcecode.swift; path = ProductTests.swift; sourceTree = "<group>"; };
		B74A8CFE27BEDB0A002F41CD /* Product.swift */ = {isa = PBXFileReference; lastKnownFileType = sourcecode.swift; path = Product.swift; sourceTree = "<group>"; };
		B74A8D0127BEDC3C002F41CD /* CartTests.swift */ = {isa = PBXFileReference; lastKnownFileType = sourcecode.swift; path = CartTests.swift; sourceTree = "<group>"; };
		B74A8D0627BEDE67002F41CD /* Cart.swift */ = {isa = PBXFileReference; lastKnownFileType = sourcecode.swift; path = Cart.swift; sourceTree = "<group>"; };
		B74A8D0927BEDED6002F41CD /* UsersTests.swift */ = {isa = PBXFileReference; lastKnownFileType = sourcecode.swift; path = UsersTests.swift; sourceTree = "<group>"; };
		B74A8D0C27BEE42C002F41CD /* User.swift */ = {isa = PBXFileReference; lastKnownFileType = sourcecode.swift; path = User.swift; sourceTree = "<group>"; };
		B74A8D1127BFB973002F41CD /* GetAllProductsUseCase.swift */ = {isa = PBXFileReference; lastKnownFileType = sourcecode.swift; path = GetAllProductsUseCase.swift; sourceTree = "<group>"; };
		B74A8D1527BFBAE4002F41CD /* TypeAlias.swift */ = {isa = PBXFileReference; lastKnownFileType = sourcecode.swift; path = TypeAlias.swift; sourceTree = "<group>"; };
		B74A8D1B27BFBC4C002F41CD /* GetProductUseCase.swift */ = {isa = PBXFileReference; lastKnownFileType = sourcecode.swift; path = GetProductUseCase.swift; sourceTree = "<group>"; };
		B74A8D1F27BFBE45002F41CD /* GetCurrentCartUseCase.swift */ = {isa = PBXFileReference; lastKnownFileType = sourcecode.swift; path = GetCurrentCartUseCase.swift; sourceTree = "<group>"; };
		B74A8D2227BFBFE3002F41CD /* AddProductToCartUseCase.swift */ = {isa = PBXFileReference; lastKnownFileType = sourcecode.swift; path = AddProductToCartUseCase.swift; sourceTree = "<group>"; };
		B74A8D2527BFC213002F41CD /* CreateCartUseCase.swift */ = {isa = PBXFileReference; lastKnownFileType = sourcecode.swift; path = CreateCartUseCase.swift; sourceTree = "<group>"; };
		B74A8D2827BFC4C5002F41CD /* UpdateProductInCartUseCase.swift */ = {isa = PBXFileReference; lastKnownFileType = sourcecode.swift; path = UpdateProductInCartUseCase.swift; sourceTree = "<group>"; };
		B74A8D2B27BFC551002F41CD /* RemoveProductInCartUseCase.swift */ = {isa = PBXFileReference; lastKnownFileType = sourcecode.swift; path = RemoveProductInCartUseCase.swift; sourceTree = "<group>"; };
		B74A8D2E27BFC62A002F41CD /* AuthenticationUseCase.swift */ = {isa = PBXFileReference; lastKnownFileType = sourcecode.swift; path = AuthenticationUseCase.swift; sourceTree = "<group>"; };
		B74A8D3127BFC8BE002F41CD /* AuthenticationTests.swift */ = {isa = PBXFileReference; lastKnownFileType = sourcecode.swift; path = AuthenticationTests.swift; sourceTree = "<group>"; };
		B74A8D3427BFC992002F41CD /* Authentication.swift */ = {isa = PBXFileReference; lastKnownFileType = sourcecode.swift; path = Authentication.swift; sourceTree = "<group>"; };
		B74A8D3F27BFDB1A002F41CD /* HTTPClient.swift */ = {isa = PBXFileReference; lastKnownFileType = sourcecode.swift; path = HTTPClient.swift; sourceTree = "<group>"; };
		B74A8D4427BFDCA1002F41CD /* HTTPMethodTests.swift */ = {isa = PBXFileReference; fileEncoding = 4; lastKnownFileType = sourcecode.swift; path = HTTPMethodTests.swift; sourceTree = "<group>"; };
		B74A8D4527BFDCA1002F41CD /* HTTPErrorTests.swift */ = {isa = PBXFileReference; fileEncoding = 4; lastKnownFileType = sourcecode.swift; path = HTTPErrorTests.swift; sourceTree = "<group>"; };
		B74A8D4A27BFDCB4002F41CD /* HTTPError.swift */ = {isa = PBXFileReference; fileEncoding = 4; lastKnownFileType = sourcecode.swift; path = HTTPError.swift; sourceTree = "<group>"; };
		B74A8D4B27BFDCB4002F41CD /* HTTPMethod.swift */ = {isa = PBXFileReference; fileEncoding = 4; lastKnownFileType = sourcecode.swift; path = HTTPMethod.swift; sourceTree = "<group>"; };
		B74A8D5A27BFE780002F41CD /* RemoteGetAllProductsUseCaseTests.swift */ = {isa = PBXFileReference; lastKnownFileType = sourcecode.swift; path = RemoteGetAllProductsUseCaseTests.swift; sourceTree = "<group>"; };
		B74A8D6027BFE87F002F41CD /* MockHTTPClient.swift */ = {isa = PBXFileReference; lastKnownFileType = sourcecode.swift; path = MockHTTPClient.swift; sourceTree = "<group>"; };
		B74A8D6327BFEE77002F41CD /* Mocks.swift */ = {isa = PBXFileReference; fileEncoding = 4; lastKnownFileType = sourcecode.swift; path = Mocks.swift; sourceTree = "<group>"; };
		B74A8D6A27C02D32002F41CD /* RemoteGetAllProductsUseCase.swift */ = {isa = PBXFileReference; lastKnownFileType = sourcecode.swift; path = RemoteGetAllProductsUseCase.swift; sourceTree = "<group>"; };
		B74A8D7627C0342F002F41CD /* RemoteGetProductUseCaseTests.swift */ = {isa = PBXFileReference; lastKnownFileType = sourcecode.swift; path = RemoteGetProductUseCaseTests.swift; sourceTree = "<group>"; };
		B74A8D7927C035BC002F41CD /* RemoteGetProductUseCase.swift */ = {isa = PBXFileReference; lastKnownFileType = sourcecode.swift; path = RemoteGetProductUseCase.swift; sourceTree = "<group>"; };
		B74A8D7C27C10F67002F41CD /* RemoteGetCurrentCartUseCaseTests.swift */ = {isa = PBXFileReference; lastKnownFileType = sourcecode.swift; path = RemoteGetCurrentCartUseCaseTests.swift; sourceTree = "<group>"; };
		B74A8D8527C111D6002F41CD /* RemoteGetCurrentCartUseCase.swift */ = {isa = PBXFileReference; lastKnownFileType = sourcecode.swift; path = RemoteGetCurrentCartUseCase.swift; sourceTree = "<group>"; };
		B75F0D9F27C668350031412C /* GetCurrentCartRequestTests.swift */ = {isa = PBXFileReference; fileEncoding = 4; lastKnownFileType = sourcecode.swift; path = GetCurrentCartRequestTests.swift; sourceTree = "<group>"; };
		B75F0DA027C668360031412C /* GetAllProductsRequestTests.swift */ = {isa = PBXFileReference; fileEncoding = 4; lastKnownFileType = sourcecode.swift; path = GetAllProductsRequestTests.swift; sourceTree = "<group>"; };
		B75F0DA127C668360031412C /* GetProductRequestTests.swift */ = {isa = PBXFileReference; fileEncoding = 4; lastKnownFileType = sourcecode.swift; path = GetProductRequestTests.swift; sourceTree = "<group>"; };
		B75F0DA227C668360031412C /* CreateCartRequestTests.swift */ = {isa = PBXFileReference; fileEncoding = 4; lastKnownFileType = sourcecode.swift; path = CreateCartRequestTests.swift; sourceTree = "<group>"; };
		B75F0DA327C668360031412C /* RequestTests.swift */ = {isa = PBXFileReference; fileEncoding = 4; lastKnownFileType = sourcecode.swift; path = RequestTests.swift; sourceTree = "<group>"; };
		B75F0DA427C668360031412C /* UpdateCartRequestTests.swift */ = {isa = PBXFileReference; fileEncoding = 4; lastKnownFileType = sourcecode.swift; path = UpdateCartRequestTests.swift; sourceTree = "<group>"; };
		B75F0DB327C6685F0031412C /* UpdateCartRequest.swift */ = {isa = PBXFileReference; fileEncoding = 4; lastKnownFileType = sourcecode.swift; path = UpdateCartRequest.swift; sourceTree = "<group>"; };
		B75F0DB427C6685F0031412C /* Request.swift */ = {isa = PBXFileReference; fileEncoding = 4; lastKnownFileType = sourcecode.swift; path = Request.swift; sourceTree = "<group>"; };
		B75F0DB527C6685F0031412C /* CreateCartRequest.swift */ = {isa = PBXFileReference; fileEncoding = 4; lastKnownFileType = sourcecode.swift; path = CreateCartRequest.swift; sourceTree = "<group>"; };
		B75F0DB627C6685F0031412C /* GetCurrentCartRequest.swift */ = {isa = PBXFileReference; fileEncoding = 4; lastKnownFileType = sourcecode.swift; path = GetCurrentCartRequest.swift; sourceTree = "<group>"; };
		B75F0DB727C6685F0031412C /* GetAllProductsRequest.swift */ = {isa = PBXFileReference; fileEncoding = 4; lastKnownFileType = sourcecode.swift; path = GetAllProductsRequest.swift; sourceTree = "<group>"; };
		B75F0DB827C6685F0031412C /* GetProductRequest.swift */ = {isa = PBXFileReference; fileEncoding = 4; lastKnownFileType = sourcecode.swift; path = GetProductRequest.swift; sourceTree = "<group>"; };
		B75F0DC627C6687B0031412C /* CartExtension.swift */ = {isa = PBXFileReference; fileEncoding = 4; lastKnownFileType = sourcecode.swift; path = CartExtension.swift; sourceTree = "<group>"; };
		B75F0DCA27C66B400031412C /* NativeHTTPClientTests.swift */ = {isa = PBXFileReference; lastKnownFileType = sourcecode.swift; path = NativeHTTPClientTests.swift; sourceTree = "<group>"; };
		B75F0DCF27C66B810031412C /* MockURLProtocol.swift */ = {isa = PBXFileReference; lastKnownFileType = sourcecode.swift; path = MockURLProtocol.swift; sourceTree = "<group>"; };
		B75F0DD327C673F10031412C /* NativeHTTPClient.swift */ = {isa = PBXFileReference; lastKnownFileType = sourcecode.swift; path = NativeHTTPClient.swift; sourceTree = "<group>"; };
		B7C4375F27C6625F0054CF33 /* RemoteAuthenticationUseCaseTests.swift */ = {isa = PBXFileReference; lastKnownFileType = sourcecode.swift; path = RemoteAuthenticationUseCaseTests.swift; sourceTree = "<group>"; };
		B7C4376227C662E60054CF33 /* RemoteAuthenticationUseCase.swift */ = {isa = PBXFileReference; lastKnownFileType = sourcecode.swift; path = RemoteAuthenticationUseCase.swift; sourceTree = "<group>"; };
		BA6E0B546F4FD4A3350FF362 /* Pods-WhiteLabelECommerce (macOS).debug.xcconfig */ = {isa = PBXFileReference; includeInIndex = 1; lastKnownFileType = text.xcconfig; name = "Pods-WhiteLabelECommerce (macOS).debug.xcconfig"; path = "Target Support Files/Pods-WhiteLabelECommerce (macOS)/Pods-WhiteLabelECommerce (macOS).debug.xcconfig"; sourceTree = "<group>"; };
		FC3C6D586A0710DF9B23DE9C /* Pods_WhiteLabelECommerce__iOS_.framework */ = {isa = PBXFileReference; explicitFileType = wrapper.framework; includeInIndex = 0; path = Pods_WhiteLabelECommerce__iOS_.framework; sourceTree = BUILT_PRODUCTS_DIR; };
		FD1398C74CEE0A30D991E860 /* Pods-WhiteLabelECommerceTests(iOS).debug.xcconfig */ = {isa = PBXFileReference; includeInIndex = 1; lastKnownFileType = text.xcconfig; name = "Pods-WhiteLabelECommerceTests(iOS).debug.xcconfig"; path = "Target Support Files/Pods-WhiteLabelECommerceTests(iOS)/Pods-WhiteLabelECommerceTests(iOS).debug.xcconfig"; sourceTree = "<group>"; };
/* End PBXFileReference section */

/* Begin PBXFrameworksBuildPhase section */
		B74A8C7627BEB5B2002F41CD /* Frameworks */ = {
			isa = PBXFrameworksBuildPhase;
			buildActionMask = 2147483647;
			files = (
				2E707A6DC2A8EA278EACFE99 /* Pods_WhiteLabelECommerce__iOS_.framework in Frameworks */,
			);
			runOnlyForDeploymentPostprocessing = 0;
		};
		B74A8C7C27BEB5B2002F41CD /* Frameworks */ = {
			isa = PBXFrameworksBuildPhase;
			buildActionMask = 2147483647;
			files = (
				852BCCFAA351D2E9CE327B84 /* Pods_WhiteLabelECommerce__macOS_.framework in Frameworks */,
			);
			runOnlyForDeploymentPostprocessing = 0;
		};
		B74A8CCC27BEC64C002F41CD /* Frameworks */ = {
			isa = PBXFrameworksBuildPhase;
			buildActionMask = 2147483647;
			files = (
				81E6EBC1F49AE157FB23E469 /* Pods_WhiteLabelECommerceTests_iOS_.framework in Frameworks */,
			);
			runOnlyForDeploymentPostprocessing = 0;
		};
		B74A8CE827BEC80C002F41CD /* Frameworks */ = {
			isa = PBXFrameworksBuildPhase;
			buildActionMask = 2147483647;
			files = (
				8A87C10A1E86EB48A38FE4C5 /* Pods_WhiteLabelECommerceTests_mac_.framework in Frameworks */,
			);
			runOnlyForDeploymentPostprocessing = 0;
		};
/* End PBXFrameworksBuildPhase section */

/* Begin PBXGroup section */
		356E27A0553836855C8D4006 /* Pods */ = {
			isa = PBXGroup;
			children = (
				60E61A3B94C22716C2E0151E /* Pods-WhiteLabelECommerce (iOS).debug.xcconfig */,
				353C024767C7BFBC452EC9B8 /* Pods-WhiteLabelECommerce (iOS).release.xcconfig */,
				BA6E0B546F4FD4A3350FF362 /* Pods-WhiteLabelECommerce (macOS).debug.xcconfig */,
				91F47F37A635D63E7CC79D63 /* Pods-WhiteLabelECommerce (macOS).release.xcconfig */,
				FD1398C74CEE0A30D991E860 /* Pods-WhiteLabelECommerceTests(iOS).debug.xcconfig */,
				70B308FDB1ADA6F52CD95A10 /* Pods-WhiteLabelECommerceTests(iOS).release.xcconfig */,
				6699D83C401AC3026BC1322C /* Pods-WhiteLabelECommerceTests(mac).debug.xcconfig */,
				4ECF3023D916280F28FD529E /* Pods-WhiteLabelECommerceTests(mac).release.xcconfig */,
			);
			path = Pods;
			sourceTree = "<group>";
		};
		B4D7977CEA2DEA07F1F8DA03 /* Frameworks */ = {
			isa = PBXGroup;
			children = (
				FC3C6D586A0710DF9B23DE9C /* Pods_WhiteLabelECommerce__iOS_.framework */,
				AC852A170BF3629947648663 /* Pods_WhiteLabelECommerce__macOS_.framework */,
				51C68AA1E08BB8119CBAC645 /* Pods_WhiteLabelECommerceTests_iOS_.framework */,
				87B1B15A11785EB6B86136EB /* Pods_WhiteLabelECommerceTests_mac_.framework */,
			);
			name = Frameworks;
			sourceTree = "<group>";
		};
		B72AE23727C4089C00525CCD /* Remote */ = {
			isa = PBXGroup;
			children = (
				B74A8D5A27BFE780002F41CD /* RemoteGetAllProductsUseCaseTests.swift */,
				B74A8D7627C0342F002F41CD /* RemoteGetProductUseCaseTests.swift */,
				B74A8D7C27C10F67002F41CD /* RemoteGetCurrentCartUseCaseTests.swift */,
				B746947927C3F05C00060003 /* RemoteCreateCartUseCaseTests.swift */,
				B72AE22E27C400C500525CCD /* RemoteUpdateCartUseCaseTests.swift */,
				B7C4375F27C6625F0054CF33 /* RemoteAuthenticationUseCaseTests.swift */,
			);
			path = Remote;
			sourceTree = "<group>";
		};
		B72AE23827C408AE00525CCD /* Remote */ = {
			isa = PBXGroup;
			children = (
				B74A8D6A27C02D32002F41CD /* RemoteGetAllProductsUseCase.swift */,
				B74A8D8527C111D6002F41CD /* RemoteGetCurrentCartUseCase.swift */,
				B74A8D7927C035BC002F41CD /* RemoteGetProductUseCase.swift */,
				B72AE22127C3F42100525CCD /* RemoteCreateCartUseCase.swift */,
				B72AE23427C406CB00525CCD /* RemoteUpdateCartUseCase.swift */,
				B7C4376227C662E60054CF33 /* RemoteAuthenticationUseCase.swift */,
			);
			path = Remote;
			sourceTree = "<group>";
		};
		B72AE23C27C4130200525CCD /* Local */ = {
			isa = PBXGroup;
			children = (
				B72AE23D27C4131200525CCD /* LocalAddProductToCartUseCase.swift */,
				B72AE24427C41A7000525CCD /* LocalRemoveProductInCartUseCase.swift */,
				B72AE24A27C420F400525CCD /* LocalUpdateProductInCartUseCase.swift */,
			);
			path = Local;
			sourceTree = "<group>";
		};
		B72AE24027C416C800525CCD /* Local */ = {
			isa = PBXGroup;
			children = (
				B72AE23927C4099D00525CCD /* LocalAddProductToCartUseCaseTests.swift */,
				B72AE24127C4172300525CCD /* LocalRemoveProductInCartUseCaseTests.swift */,
				B72AE24727C41BC500525CCD /* UpdateProductInCartUseCaseTests.swift */,
			);
			path = Local;
			sourceTree = "<group>";
		};
		B72AE25F27C519CC00525CCD /* Error */ = {
			isa = PBXGroup;
			children = (
				B72AE26027C51A3F00525CCD /* DomainError.swift */,
			);
			path = Error;
			sourceTree = "<group>";
		};
		B746946027C1325A00060003 /* Utils */ = {
			isa = PBXGroup;
			children = (
				B72AE26327C51C0500525CCD /* ErrorExtensionTests.swift */,
				B746946127C1327600060003 /* DateExtensionTests.swift */,
				B72AE26927C51E2800525CCD /* StringExtensionTests.swift */,
			);
			path = Utils;
			sourceTree = "<group>";
		};
		B74A8C6927BEB5B1002F41CD = {
			isa = PBXGroup;
			children = (
				B74A8C6E27BEB5B1002F41CD /* Shared */,
				B74A8CF627BEC890002F41CD /* iOS */,
				B74A8C8027BEB5B2002F41CD /* macOS */,
				B74A8CB227BEB73E002F41CD /* SharedTests */,
				B74A8CD027BEC64C002F41CD /* WhiteLabelECommerceTestsiOS */,
				B74A8CEC27BEC80C002F41CD /* WhiteLabelECommerceTestsMac */,
				B74A8C7A27BEB5B2002F41CD /* Products */,
				356E27A0553836855C8D4006 /* Pods */,
				B4D7977CEA2DEA07F1F8DA03 /* Frameworks */,
			);
			sourceTree = "<group>";
		};
		B74A8C6E27BEB5B1002F41CD /* Shared */ = {
			isa = PBXGroup;
			children = (
				B74A8D3D27BFDA7C002F41CD /* Data */,
				B74A8CBD27BEBE98002F41CD /* Domain */,
				B75F0DB227C668480031412C /* Infra */,
				B74A8C7127BEB5B1002F41CD /* WhiteLabelECommerceApp.swift */,
				B74A8C7227BEB5B1002F41CD /* ContentView.swift */,
				B74A8C7327BEB5B1002F41CD /* PersistenceController.swift */,
				B74A8C7427BEB5B2002F41CD /* Assets.xcassets */,
				B74A8C6F27BEB5B1002F41CD /* WhiteLabelECommerce.xcdatamodeld */,
			);
			path = Shared;
			sourceTree = "<group>";
		};
		B74A8C7A27BEB5B2002F41CD /* Products */ = {
			isa = PBXGroup;
			children = (
				B74A8C7927BEB5B2002F41CD /* WhiteLabelECommerce.app */,
				B74A8C7F27BEB5B2002F41CD /* WhiteLabelECommerce.app */,
				B74A8CCF27BEC64C002F41CD /* WhiteLabelECommerceTests(iOS).xctest */,
				B74A8CEB27BEC80C002F41CD /* WhiteLabelECommerceTests(mac).xctest */,
			);
			name = Products;
			sourceTree = "<group>";
		};
		B74A8C8027BEB5B2002F41CD /* macOS */ = {
			isa = PBXGroup;
			children = (
				B74A8C8127BEB5B2002F41CD /* macOS.entitlements */,
			);
			path = macOS;
			sourceTree = "<group>";
		};
		B74A8CB227BEB73E002F41CD /* SharedTests */ = {
			isa = PBXGroup;
			children = (
				B74A8D5D27BFE847002F41CD /* Mock */,
				B74A8D4227BFDC6B002F41CD /* Data */,
				B74A8CB427BEB7EF002F41CD /* Domain */,
				B75F0D9D27C666950031412C /* Infra */,
			);
			path = SharedTests;
			sourceTree = "<group>";
		};
		B74A8CB427BEB7EF002F41CD /* Domain */ = {
			isa = PBXGroup;
			children = (
				B746946027C1325A00060003 /* Utils */,
				B74A8CB527BEB7F8002F41CD /* Model */,
			);
			path = Domain;
			sourceTree = "<group>";
		};
		B74A8CB527BEB7F8002F41CD /* Model */ = {
			isa = PBXGroup;
			children = (
				B74A8CB627BEB815002F41CD /* ModelTests.swift */,
				B74A8CFB27BED3F6002F41CD /* ProductTests.swift */,
				B74A8D0127BEDC3C002F41CD /* CartTests.swift */,
				B74A8D0927BEDED6002F41CD /* UsersTests.swift */,
				B74A8D3127BFC8BE002F41CD /* AuthenticationTests.swift */,
				B746946427C14B6F00060003 /* CartItemTests.swift */,
			);
			path = Model;
			sourceTree = "<group>";
		};
		B74A8CBD27BEBE98002F41CD /* Domain */ = {
			isa = PBXGroup;
			children = (
				B72AE25F27C519CC00525CCD /* Error */,
				B74A8D1427BFBAC7002F41CD /* Utils */,
				B74A8D1027BFB961002F41CD /* UseCase */,
				B74A8CBE27BEBEA1002F41CD /* Model */,
			);
			path = Domain;
			sourceTree = "<group>";
		};
		B74A8CBE27BEBEA1002F41CD /* Model */ = {
			isa = PBXGroup;
			children = (
				B74A8CC527BEC1AF002F41CD /* Model.swift */,
				B74A8CFE27BEDB0A002F41CD /* Product.swift */,
				B74A8D0627BEDE67002F41CD /* Cart.swift */,
				B74A8D0C27BEE42C002F41CD /* User.swift */,
				B74A8D3427BFC992002F41CD /* Authentication.swift */,
				B746946727C14CED00060003 /* CartItem.swift */,
			);
			path = Model;
			sourceTree = "<group>";
		};
		B74A8CD027BEC64C002F41CD /* WhiteLabelECommerceTestsiOS */ = {
			isa = PBXGroup;
			children = (
			);
			path = WhiteLabelECommerceTestsiOS;
			sourceTree = "<group>";
		};
		B74A8CEC27BEC80C002F41CD /* WhiteLabelECommerceTestsMac */ = {
			isa = PBXGroup;
			children = (
			);
			path = WhiteLabelECommerceTestsMac;
			sourceTree = "<group>";
		};
		B74A8CF627BEC890002F41CD /* iOS */ = {
			isa = PBXGroup;
			children = (
			);
			path = iOS;
			sourceTree = "<group>";
		};
		B74A8D1027BFB961002F41CD /* UseCase */ = {
			isa = PBXGroup;
			children = (
				B74A8D1127BFB973002F41CD /* GetAllProductsUseCase.swift */,
				B74A8D1B27BFBC4C002F41CD /* GetProductUseCase.swift */,
				B74A8D1F27BFBE45002F41CD /* GetCurrentCartUseCase.swift */,
				B74A8D2227BFBFE3002F41CD /* AddProductToCartUseCase.swift */,
				B74A8D2827BFC4C5002F41CD /* UpdateProductInCartUseCase.swift */,
				B74A8D2B27BFC551002F41CD /* RemoveProductInCartUseCase.swift */,
				B74A8D2E27BFC62A002F41CD /* AuthenticationUseCase.swift */,
				B74A8D2527BFC213002F41CD /* CreateCartUseCase.swift */,
				B72AE23127C404FE00525CCD /* UpdateCartUseCase.swift */,
			);
			path = UseCase;
			sourceTree = "<group>";
		};
		B74A8D1427BFBAC7002F41CD /* Utils */ = {
			isa = PBXGroup;
			children = (
				B74A8D1527BFBAE4002F41CD /* TypeAlias.swift */,
				B746945D27C1317800060003 /* DateExtension.swift */,
				B746947227C15C3500060003 /* StringExtension.swift */,
				B72AE26627C51C3100525CCD /* ErrorExtension.swift */,
			);
			path = Utils;
			sourceTree = "<group>";
		};
		B74A8D3D27BFDA7C002F41CD /* Data */ = {
			isa = PBXGroup;
			children = (
				B74A8D6927C02D15002F41CD /* UseCase */,
				B74A8D3E27BFDAE6002F41CD /* Network */,
			);
			path = Data;
			sourceTree = "<group>";
		};
		B74A8D3E27BFDAE6002F41CD /* Network */ = {
			isa = PBXGroup;
			children = (
				B74A8D4A27BFDCB4002F41CD /* HTTPError.swift */,
				B74A8D4B27BFDCB4002F41CD /* HTTPMethod.swift */,
				B74A8D3F27BFDB1A002F41CD /* HTTPClient.swift */,
			);
			path = Network;
			sourceTree = "<group>";
		};
		B74A8D4227BFDC6B002F41CD /* Data */ = {
			isa = PBXGroup;
			children = (
				B74A8D5927BFE75A002F41CD /* UseCase */,
				B74A8D4327BFDC77002F41CD /* Network */,
			);
			path = Data;
			sourceTree = "<group>";
		};
		B74A8D4327BFDC77002F41CD /* Network */ = {
			isa = PBXGroup;
			children = (
				B74A8D4527BFDCA1002F41CD /* HTTPErrorTests.swift */,
				B74A8D4427BFDCA1002F41CD /* HTTPMethodTests.swift */,
			);
			path = Network;
			sourceTree = "<group>";
		};
		B74A8D5927BFE75A002F41CD /* UseCase */ = {
			isa = PBXGroup;
			children = (
				B72AE23727C4089C00525CCD /* Remote */,
				B72AE24027C416C800525CCD /* Local */,
			);
			path = UseCase;
			sourceTree = "<group>";
		};
		B74A8D5D27BFE847002F41CD /* Mock */ = {
			isa = PBXGroup;
			children = (
				B75F0DCD27C66B5E0031412C /* Infra */,
				B74A8D5E27BFE853002F41CD /* Data */,
			);
			path = Mock;
			sourceTree = "<group>";
		};
		B74A8D5E27BFE853002F41CD /* Data */ = {
			isa = PBXGroup;
			children = (
				B74A8D6327BFEE77002F41CD /* Mocks.swift */,
				B74A8D5F27BFE863002F41CD /* Network */,
			);
			path = Data;
			sourceTree = "<group>";
		};
		B74A8D5F27BFE863002F41CD /* Network */ = {
			isa = PBXGroup;
			children = (
				B74A8D6027BFE87F002F41CD /* MockHTTPClient.swift */,
			);
			path = Network;
			sourceTree = "<group>";
		};
		B74A8D6927C02D15002F41CD /* UseCase */ = {
			isa = PBXGroup;
			children = (
				B72AE23C27C4130200525CCD /* Local */,
				B72AE23827C408AE00525CCD /* Remote */,
			);
			path = UseCase;
			sourceTree = "<group>";
		};
		B75F0D9D27C666950031412C /* Infra */ = {
			isa = PBXGroup;
			children = (
				B75F0DC927C66B070031412C /* Network */,
				B75F0D9E27C6681C0031412C /* Request */,
			);
			path = Infra;
			sourceTree = "<group>";
		};
		B75F0D9E27C6681C0031412C /* Request */ = {
			isa = PBXGroup;
			children = (
				B75F0DA227C668360031412C /* CreateCartRequestTests.swift */,
				B75F0DA027C668360031412C /* GetAllProductsRequestTests.swift */,
				B75F0D9F27C668350031412C /* GetCurrentCartRequestTests.swift */,
				B75F0DA127C668360031412C /* GetProductRequestTests.swift */,
				B75F0DA327C668360031412C /* RequestTests.swift */,
				B75F0DA427C668360031412C /* UpdateCartRequestTests.swift */,
			);
			path = Request;
			sourceTree = "<group>";
		};
		B75F0DB127C6683E0031412C /* Request */ = {
			isa = PBXGroup;
			children = (
				B75F0DC527C668720031412C /* Model */,
				B75F0DB527C6685F0031412C /* CreateCartRequest.swift */,
				B75F0DB727C6685F0031412C /* GetAllProductsRequest.swift */,
				B75F0DB627C6685F0031412C /* GetCurrentCartRequest.swift */,
				B75F0DB827C6685F0031412C /* GetProductRequest.swift */,
				B75F0DB427C6685F0031412C /* Request.swift */,
				B75F0DB327C6685F0031412C /* UpdateCartRequest.swift */,
			);
			path = Request;
			sourceTree = "<group>";
		};
		B75F0DB227C668480031412C /* Infra */ = {
			isa = PBXGroup;
			children = (
				B75F0DD227C673D10031412C /* Network */,
				B75F0DB127C6683E0031412C /* Request */,
			);
			path = Infra;
			sourceTree = "<group>";
		};
		B75F0DC527C668720031412C /* Model */ = {
			isa = PBXGroup;
			children = (
				B75F0DC627C6687B0031412C /* CartExtension.swift */,
			);
			path = Model;
			sourceTree = "<group>";
		};
		B75F0DC927C66B070031412C /* Network */ = {
			isa = PBXGroup;
			children = (
				B75F0DCA27C66B400031412C /* NativeHTTPClientTests.swift */,
			);
			path = Network;
			sourceTree = "<group>";
		};
		B75F0DCD27C66B5E0031412C /* Infra */ = {
			isa = PBXGroup;
			children = (
				B75F0DCE27C66B660031412C /* Network */,
			);
			path = Infra;
			sourceTree = "<group>";
		};
		B75F0DCE27C66B660031412C /* Network */ = {
			isa = PBXGroup;
			children = (
				B75F0DCF27C66B810031412C /* MockURLProtocol.swift */,
			);
			path = Network;
			sourceTree = "<group>";
		};
		B75F0DD227C673D10031412C /* Network */ = {
			isa = PBXGroup;
			children = (
				B75F0DD327C673F10031412C /* NativeHTTPClient.swift */,
			);
			path = Network;
			sourceTree = "<group>";
		};
/* End PBXGroup section */

/* Begin PBXNativeTarget section */
		B74A8C7827BEB5B2002F41CD /* WhiteLabelECommerce (iOS) */ = {
			isa = PBXNativeTarget;
			buildConfigurationList = B74A8CA627BEB5B2002F41CD /* Build configuration list for PBXNativeTarget "WhiteLabelECommerce (iOS)" */;
			buildPhases = (
				09137B583286A35156AB7A59 /* [CP] Check Pods Manifest.lock */,
				B74A8C7527BEB5B2002F41CD /* Sources */,
				B74A8C7627BEB5B2002F41CD /* Frameworks */,
				B74A8C7727BEB5B2002F41CD /* Resources */,
				B74A8CF727BECD97002F41CD /* SwiftLint */,
			);
			buildRules = (
			);
			dependencies = (
			);
			name = "WhiteLabelECommerce (iOS)";
			productName = "WhiteLabelECommerce (iOS)";
			productReference = B74A8C7927BEB5B2002F41CD /* WhiteLabelECommerce.app */;
			productType = "com.apple.product-type.application";
		};
		B74A8C7E27BEB5B2002F41CD /* WhiteLabelECommerce (macOS) */ = {
			isa = PBXNativeTarget;
			buildConfigurationList = B74A8CA927BEB5B2002F41CD /* Build configuration list for PBXNativeTarget "WhiteLabelECommerce (macOS)" */;
			buildPhases = (
				9300F589BB38FD4D25F7788D /* [CP] Check Pods Manifest.lock */,
				B74A8C7B27BEB5B2002F41CD /* Sources */,
				B74A8C7C27BEB5B2002F41CD /* Frameworks */,
				B74A8C7D27BEB5B2002F41CD /* Resources */,
				B74A8CF827BECDB4002F41CD /* SwiftLint */,
			);
			buildRules = (
			);
			dependencies = (
			);
			name = "WhiteLabelECommerce (macOS)";
			productName = "WhiteLabelECommerce (macOS)";
			productReference = B74A8C7F27BEB5B2002F41CD /* WhiteLabelECommerce.app */;
			productType = "com.apple.product-type.application";
		};
		B74A8CCE27BEC64C002F41CD /* WhiteLabelECommerceTests(iOS) */ = {
			isa = PBXNativeTarget;
			buildConfigurationList = B74A8CD527BEC64C002F41CD /* Build configuration list for PBXNativeTarget "WhiteLabelECommerceTests(iOS)" */;
			buildPhases = (
				3378E5AD1CD88591FADC6A06 /* [CP] Check Pods Manifest.lock */,
				B74A8CCB27BEC64C002F41CD /* Sources */,
				B74A8CCC27BEC64C002F41CD /* Frameworks */,
				B74A8CCD27BEC64C002F41CD /* Resources */,
				B74A8CF927BECDC9002F41CD /* SwiftLint */,
			);
			buildRules = (
			);
			dependencies = (
				B74A8CD427BEC64C002F41CD /* PBXTargetDependency */,
			);
			name = "WhiteLabelECommerceTests(iOS)";
			productName = "WhiteLabelECommerceTests(iOS)";
			productReference = B74A8CCF27BEC64C002F41CD /* WhiteLabelECommerceTests(iOS).xctest */;
			productType = "com.apple.product-type.bundle.unit-test";
		};
		B74A8CEA27BEC80C002F41CD /* WhiteLabelECommerceTests(mac) */ = {
			isa = PBXNativeTarget;
			buildConfigurationList = B74A8CF127BEC80C002F41CD /* Build configuration list for PBXNativeTarget "WhiteLabelECommerceTests(mac)" */;
			buildPhases = (
				0FB5ED4A8345C03665B50D10 /* [CP] Check Pods Manifest.lock */,
				B74A8CE727BEC80C002F41CD /* Sources */,
				B74A8CE827BEC80C002F41CD /* Frameworks */,
				B74A8CE927BEC80C002F41CD /* Resources */,
				B74A8CFA27BECDDA002F41CD /* SwiftLint */,
			);
			buildRules = (
			);
			dependencies = (
				B74A8CF027BEC80C002F41CD /* PBXTargetDependency */,
			);
			name = "WhiteLabelECommerceTests(mac)";
			productName = "WhiteLabelECommerceTests(mac)";
			productReference = B74A8CEB27BEC80C002F41CD /* WhiteLabelECommerceTests(mac).xctest */;
			productType = "com.apple.product-type.bundle.unit-test";
		};
/* End PBXNativeTarget section */

/* Begin PBXProject section */
		B74A8C6A27BEB5B1002F41CD /* Project object */ = {
			isa = PBXProject;
			attributes = {
				BuildIndependentTargetsInParallel = 1;
				LastSwiftUpdateCheck = 1320;
				LastUpgradeCheck = 1320;
				TargetAttributes = {
					B74A8C7827BEB5B2002F41CD = {
						CreatedOnToolsVersion = 13.2.1;
					};
					B74A8C7E27BEB5B2002F41CD = {
						CreatedOnToolsVersion = 13.2.1;
					};
					B74A8CCE27BEC64C002F41CD = {
						CreatedOnToolsVersion = 13.2.1;
						TestTargetID = B74A8C7827BEB5B2002F41CD;
					};
					B74A8CEA27BEC80C002F41CD = {
						CreatedOnToolsVersion = 13.2.1;
						TestTargetID = B74A8C7E27BEB5B2002F41CD;
					};
				};
			};
			buildConfigurationList = B74A8C6D27BEB5B1002F41CD /* Build configuration list for PBXProject "WhiteLabelECommerce" */;
			compatibilityVersion = "Xcode 13.0";
			developmentRegion = en;
			hasScannedForEncodings = 0;
			knownRegions = (
				en,
				Base,
			);
			mainGroup = B74A8C6927BEB5B1002F41CD;
			productRefGroup = B74A8C7A27BEB5B2002F41CD /* Products */;
			projectDirPath = "";
			projectRoot = "";
			targets = (
				B74A8C7827BEB5B2002F41CD /* WhiteLabelECommerce (iOS) */,
				B74A8C7E27BEB5B2002F41CD /* WhiteLabelECommerce (macOS) */,
				B74A8CCE27BEC64C002F41CD /* WhiteLabelECommerceTests(iOS) */,
				B74A8CEA27BEC80C002F41CD /* WhiteLabelECommerceTests(mac) */,
			);
		};
/* End PBXProject section */

/* Begin PBXResourcesBuildPhase section */
		B74A8C7727BEB5B2002F41CD /* Resources */ = {
			isa = PBXResourcesBuildPhase;
			buildActionMask = 2147483647;
			files = (
				B74A8CA227BEB5B2002F41CD /* Assets.xcassets in Resources */,
			);
			runOnlyForDeploymentPostprocessing = 0;
		};
		B74A8C7D27BEB5B2002F41CD /* Resources */ = {
			isa = PBXResourcesBuildPhase;
			buildActionMask = 2147483647;
			files = (
				B74A8CA327BEB5B2002F41CD /* Assets.xcassets in Resources */,
			);
			runOnlyForDeploymentPostprocessing = 0;
		};
		B74A8CCD27BEC64C002F41CD /* Resources */ = {
			isa = PBXResourcesBuildPhase;
			buildActionMask = 2147483647;
			files = (
			);
			runOnlyForDeploymentPostprocessing = 0;
		};
		B74A8CE927BEC80C002F41CD /* Resources */ = {
			isa = PBXResourcesBuildPhase;
			buildActionMask = 2147483647;
			files = (
			);
			runOnlyForDeploymentPostprocessing = 0;
		};
/* End PBXResourcesBuildPhase section */

/* Begin PBXShellScriptBuildPhase section */
		09137B583286A35156AB7A59 /* [CP] Check Pods Manifest.lock */ = {
			isa = PBXShellScriptBuildPhase;
			buildActionMask = 2147483647;
			files = (
			);
			inputFileListPaths = (
			);
			inputPaths = (
				"${PODS_PODFILE_DIR_PATH}/Podfile.lock",
				"${PODS_ROOT}/Manifest.lock",
			);
			name = "[CP] Check Pods Manifest.lock";
			outputFileListPaths = (
			);
			outputPaths = (
				"$(DERIVED_FILE_DIR)/Pods-WhiteLabelECommerce (iOS)-checkManifestLockResult.txt",
			);
			runOnlyForDeploymentPostprocessing = 0;
			shellPath = /bin/sh;
			shellScript = "diff \"${PODS_PODFILE_DIR_PATH}/Podfile.lock\" \"${PODS_ROOT}/Manifest.lock\" > /dev/null\nif [ $? != 0 ] ; then\n    # print error to STDERR\n    echo \"error: The sandbox is not in sync with the Podfile.lock. Run 'pod install' or update your CocoaPods installation.\" >&2\n    exit 1\nfi\n# This output is used by Xcode 'outputs' to avoid re-running this script phase.\necho \"SUCCESS\" > \"${SCRIPT_OUTPUT_FILE_0}\"\n";
			showEnvVarsInLog = 0;
		};
		0FB5ED4A8345C03665B50D10 /* [CP] Check Pods Manifest.lock */ = {
			isa = PBXShellScriptBuildPhase;
			buildActionMask = 2147483647;
			files = (
			);
			inputFileListPaths = (
			);
			inputPaths = (
				"${PODS_PODFILE_DIR_PATH}/Podfile.lock",
				"${PODS_ROOT}/Manifest.lock",
			);
			name = "[CP] Check Pods Manifest.lock";
			outputFileListPaths = (
			);
			outputPaths = (
				"$(DERIVED_FILE_DIR)/Pods-WhiteLabelECommerceTests(mac)-checkManifestLockResult.txt",
			);
			runOnlyForDeploymentPostprocessing = 0;
			shellPath = /bin/sh;
			shellScript = "diff \"${PODS_PODFILE_DIR_PATH}/Podfile.lock\" \"${PODS_ROOT}/Manifest.lock\" > /dev/null\nif [ $? != 0 ] ; then\n    # print error to STDERR\n    echo \"error: The sandbox is not in sync with the Podfile.lock. Run 'pod install' or update your CocoaPods installation.\" >&2\n    exit 1\nfi\n# This output is used by Xcode 'outputs' to avoid re-running this script phase.\necho \"SUCCESS\" > \"${SCRIPT_OUTPUT_FILE_0}\"\n";
			showEnvVarsInLog = 0;
		};
		3378E5AD1CD88591FADC6A06 /* [CP] Check Pods Manifest.lock */ = {
			isa = PBXShellScriptBuildPhase;
			buildActionMask = 2147483647;
			files = (
			);
			inputFileListPaths = (
			);
			inputPaths = (
				"${PODS_PODFILE_DIR_PATH}/Podfile.lock",
				"${PODS_ROOT}/Manifest.lock",
			);
			name = "[CP] Check Pods Manifest.lock";
			outputFileListPaths = (
			);
			outputPaths = (
				"$(DERIVED_FILE_DIR)/Pods-WhiteLabelECommerceTests(iOS)-checkManifestLockResult.txt",
			);
			runOnlyForDeploymentPostprocessing = 0;
			shellPath = /bin/sh;
			shellScript = "diff \"${PODS_PODFILE_DIR_PATH}/Podfile.lock\" \"${PODS_ROOT}/Manifest.lock\" > /dev/null\nif [ $? != 0 ] ; then\n    # print error to STDERR\n    echo \"error: The sandbox is not in sync with the Podfile.lock. Run 'pod install' or update your CocoaPods installation.\" >&2\n    exit 1\nfi\n# This output is used by Xcode 'outputs' to avoid re-running this script phase.\necho \"SUCCESS\" > \"${SCRIPT_OUTPUT_FILE_0}\"\n";
			showEnvVarsInLog = 0;
		};
		9300F589BB38FD4D25F7788D /* [CP] Check Pods Manifest.lock */ = {
			isa = PBXShellScriptBuildPhase;
			buildActionMask = 2147483647;
			files = (
			);
			inputFileListPaths = (
			);
			inputPaths = (
				"${PODS_PODFILE_DIR_PATH}/Podfile.lock",
				"${PODS_ROOT}/Manifest.lock",
			);
			name = "[CP] Check Pods Manifest.lock";
			outputFileListPaths = (
			);
			outputPaths = (
				"$(DERIVED_FILE_DIR)/Pods-WhiteLabelECommerce (macOS)-checkManifestLockResult.txt",
			);
			runOnlyForDeploymentPostprocessing = 0;
			shellPath = /bin/sh;
			shellScript = "diff \"${PODS_PODFILE_DIR_PATH}/Podfile.lock\" \"${PODS_ROOT}/Manifest.lock\" > /dev/null\nif [ $? != 0 ] ; then\n    # print error to STDERR\n    echo \"error: The sandbox is not in sync with the Podfile.lock. Run 'pod install' or update your CocoaPods installation.\" >&2\n    exit 1\nfi\n# This output is used by Xcode 'outputs' to avoid re-running this script phase.\necho \"SUCCESS\" > \"${SCRIPT_OUTPUT_FILE_0}\"\n";
			showEnvVarsInLog = 0;
		};
		B74A8CF727BECD97002F41CD /* SwiftLint */ = {
			isa = PBXShellScriptBuildPhase;
			buildActionMask = 2147483647;
			files = (
			);
			inputFileListPaths = (
			);
			inputPaths = (
			);
			name = SwiftLint;
			outputFileListPaths = (
			);
			outputPaths = (
			);
			runOnlyForDeploymentPostprocessing = 0;
			shellPath = /bin/sh;
			shellScript = "# Type a script or drag a script file from your workspace to insert its path.\n\"${PODS_ROOT}/SwiftLint/swiftlint\"\n";
		};
		B74A8CF827BECDB4002F41CD /* SwiftLint */ = {
			isa = PBXShellScriptBuildPhase;
			buildActionMask = 2147483647;
			files = (
			);
			inputFileListPaths = (
			);
			inputPaths = (
			);
			name = SwiftLint;
			outputFileListPaths = (
			);
			outputPaths = (
			);
			runOnlyForDeploymentPostprocessing = 0;
			shellPath = /bin/sh;
			shellScript = "# Type a script or drag a script file from your workspace to insert its path.\n\"${PODS_ROOT}/SwiftLint/swiftlint\"\n";
		};
		B74A8CF927BECDC9002F41CD /* SwiftLint */ = {
			isa = PBXShellScriptBuildPhase;
			buildActionMask = 2147483647;
			files = (
			);
			inputFileListPaths = (
			);
			inputPaths = (
			);
			name = SwiftLint;
			outputFileListPaths = (
			);
			outputPaths = (
			);
			runOnlyForDeploymentPostprocessing = 0;
			shellPath = /bin/sh;
			shellScript = "# Type a script or drag a script file from your workspace to insert its path.\n\"${PODS_ROOT}/SwiftLint/swiftlint\"\n";
		};
		B74A8CFA27BECDDA002F41CD /* SwiftLint */ = {
			isa = PBXShellScriptBuildPhase;
			buildActionMask = 2147483647;
			files = (
			);
			inputFileListPaths = (
			);
			inputPaths = (
			);
			name = SwiftLint;
			outputFileListPaths = (
			);
			outputPaths = (
			);
			runOnlyForDeploymentPostprocessing = 0;
			shellPath = /bin/sh;
			shellScript = "# Type a script or drag a script file from your workspace to insert its path.\n\"${PODS_ROOT}/SwiftLint/swiftlint\"\n";
		};
/* End PBXShellScriptBuildPhase section */

/* Begin PBXSourcesBuildPhase section */
		B74A8C7527BEB5B2002F41CD /* Sources */ = {
			isa = PBXSourcesBuildPhase;
			buildActionMask = 2147483647;
			files = (
				B75F0DC327C6685F0031412C /* GetProductRequest.swift in Sources */,
				B72AE24B27C420F400525CCD /* LocalUpdateProductInCartUseCase.swift in Sources */,
				B74A8D2027BFBE45002F41CD /* GetCurrentCartUseCase.swift in Sources */,
				B74A8CC627BEC1AF002F41CD /* Model.swift in Sources */,
				B74A8D6B27C02D32002F41CD /* RemoteGetAllProductsUseCase.swift in Sources */,
				B74A8D4E27BFDCB4002F41CD /* HTTPMethod.swift in Sources */,
				B74A8D7A27C035BC002F41CD /* RemoteGetProductUseCase.swift in Sources */,
				B74A8C9A27BEB5B2002F41CD /* WhiteLabelECommerce.xcdatamodeld in Sources */,
				B74A8D1C27BFBC4C002F41CD /* GetProductUseCase.swift in Sources */,
				B74A8CA027BEB5B2002F41CD /* PersistenceController.swift in Sources */,
				B74A8D2327BFBFE3002F41CD /* AddProductToCartUseCase.swift in Sources */,
				B74A8D0727BEDE67002F41CD /* Cart.swift in Sources */,
				B74A8D8727C111D6002F41CD /* RemoteGetCurrentCartUseCase.swift in Sources */,
				B75F0DBF27C6685F0031412C /* GetCurrentCartRequest.swift in Sources */,
				B74A8D2627BFC213002F41CD /* CreateCartUseCase.swift in Sources */,
				B74A8D4C27BFDCB4002F41CD /* HTTPError.swift in Sources */,
				B72AE22227C3F42100525CCD /* RemoteCreateCartUseCase.swift in Sources */,
				B75F0DC727C6687B0031412C /* CartExtension.swift in Sources */,
				B7C4376327C662E60054CF33 /* RemoteAuthenticationUseCase.swift in Sources */,
				B75F0DD427C673F10031412C /* NativeHTTPClient.swift in Sources */,
				B74A8D2C27BFC551002F41CD /* RemoveProductInCartUseCase.swift in Sources */,
				B746945E27C1317800060003 /* DateExtension.swift in Sources */,
				B74A8D1627BFBAE4002F41CD /* TypeAlias.swift in Sources */,
				B74A8D0D27BEE42C002F41CD /* User.swift in Sources */,
				B74A8D2F27BFC62A002F41CD /* AuthenticationUseCase.swift in Sources */,
				B75F0DBD27C6685F0031412C /* CreateCartRequest.swift in Sources */,
				B74A8D2927BFC4C5002F41CD /* UpdateProductInCartUseCase.swift in Sources */,
				B72AE23527C406CB00525CCD /* RemoteUpdateCartUseCase.swift in Sources */,
				B74A8C9C27BEB5B2002F41CD /* WhiteLabelECommerceApp.swift in Sources */,
				B72AE23E27C4131200525CCD /* LocalAddProductToCartUseCase.swift in Sources */,
				B72AE24527C41A7000525CCD /* LocalRemoveProductInCartUseCase.swift in Sources */,
				B746947327C15C3500060003 /* StringExtension.swift in Sources */,
				B72AE26727C51C3100525CCD /* ErrorExtension.swift in Sources */,
				B75F0DB927C6685F0031412C /* UpdateCartRequest.swift in Sources */,
				B72AE23227C404FE00525CCD /* UpdateCartUseCase.swift in Sources */,
				B74A8C9E27BEB5B2002F41CD /* ContentView.swift in Sources */,
				B75F0DBB27C6685F0031412C /* Request.swift in Sources */,
				B74A8D1227BFB973002F41CD /* GetAllProductsUseCase.swift in Sources */,
				B74A8CFF27BEDB0A002F41CD /* Product.swift in Sources */,
				B74A8D4027BFDB1A002F41CD /* HTTPClient.swift in Sources */,
				B746946827C14CED00060003 /* CartItem.swift in Sources */,
				B72AE26127C51A3F00525CCD /* DomainError.swift in Sources */,
				B75F0DC127C6685F0031412C /* GetAllProductsRequest.swift in Sources */,
				B74A8D3527BFC992002F41CD /* Authentication.swift in Sources */,
			);
			runOnlyForDeploymentPostprocessing = 0;
		};
		B74A8C7B27BEB5B2002F41CD /* Sources */ = {
			isa = PBXSourcesBuildPhase;
			buildActionMask = 2147483647;
			files = (
				B75F0DC427C6685F0031412C /* GetProductRequest.swift in Sources */,
				B72AE24C27C420F400525CCD /* LocalUpdateProductInCartUseCase.swift in Sources */,
				B74A8D2127BFBE45002F41CD /* GetCurrentCartUseCase.swift in Sources */,
				B74A8CCA27BEC464002F41CD /* Model.swift in Sources */,
				B74A8D6C27C02D32002F41CD /* RemoteGetAllProductsUseCase.swift in Sources */,
				B74A8D4F27BFDCB4002F41CD /* HTTPMethod.swift in Sources */,
				B74A8D7B27C035BC002F41CD /* RemoteGetProductUseCase.swift in Sources */,
				B74A8C9B27BEB5B2002F41CD /* WhiteLabelECommerce.xcdatamodeld in Sources */,
				B74A8D1D27BFBC4C002F41CD /* GetProductUseCase.swift in Sources */,
				B74A8CA127BEB5B2002F41CD /* PersistenceController.swift in Sources */,
				B74A8D2427BFBFE3002F41CD /* AddProductToCartUseCase.swift in Sources */,
				B74A8D0827BEDE67002F41CD /* Cart.swift in Sources */,
				B74A8D8627C111D6002F41CD /* RemoteGetCurrentCartUseCase.swift in Sources */,
				B75F0DC027C6685F0031412C /* GetCurrentCartRequest.swift in Sources */,
				B74A8D2727BFC213002F41CD /* CreateCartUseCase.swift in Sources */,
				B74A8D4D27BFDCB4002F41CD /* HTTPError.swift in Sources */,
				B72AE22327C3F42100525CCD /* RemoteCreateCartUseCase.swift in Sources */,
				B75F0DC827C6687B0031412C /* CartExtension.swift in Sources */,
				B7C4376427C662E60054CF33 /* RemoteAuthenticationUseCase.swift in Sources */,
				B75F0DD527C673F10031412C /* NativeHTTPClient.swift in Sources */,
				B74A8D2D27BFC551002F41CD /* RemoveProductInCartUseCase.swift in Sources */,
				B746945F27C1317800060003 /* DateExtension.swift in Sources */,
				B74A8D1727BFBAE4002F41CD /* TypeAlias.swift in Sources */,
				B74A8D0E27BEE42C002F41CD /* User.swift in Sources */,
				B74A8D3027BFC62A002F41CD /* AuthenticationUseCase.swift in Sources */,
				B75F0DBE27C6685F0031412C /* CreateCartRequest.swift in Sources */,
				B74A8D2A27BFC4C5002F41CD /* UpdateProductInCartUseCase.swift in Sources */,
				B72AE23627C406CB00525CCD /* RemoteUpdateCartUseCase.swift in Sources */,
				B74A8C9D27BEB5B2002F41CD /* WhiteLabelECommerceApp.swift in Sources */,
				B72AE23F27C4131200525CCD /* LocalAddProductToCartUseCase.swift in Sources */,
				B72AE24627C41A7000525CCD /* LocalRemoveProductInCartUseCase.swift in Sources */,
				B746947427C15C3500060003 /* StringExtension.swift in Sources */,
				B72AE26827C51C3100525CCD /* ErrorExtension.swift in Sources */,
				B75F0DBA27C6685F0031412C /* UpdateCartRequest.swift in Sources */,
				B72AE23327C404FE00525CCD /* UpdateCartUseCase.swift in Sources */,
				B74A8C9F27BEB5B2002F41CD /* ContentView.swift in Sources */,
				B75F0DBC27C6685F0031412C /* Request.swift in Sources */,
				B74A8D1327BFB973002F41CD /* GetAllProductsUseCase.swift in Sources */,
				B74A8D0027BEDB0A002F41CD /* Product.swift in Sources */,
				B74A8D4127BFDB1A002F41CD /* HTTPClient.swift in Sources */,
				B746946927C14CED00060003 /* CartItem.swift in Sources */,
				B72AE26227C51A3F00525CCD /* DomainError.swift in Sources */,
				B75F0DC227C6685F0031412C /* GetAllProductsRequest.swift in Sources */,
				B74A8D3627BFC992002F41CD /* Authentication.swift in Sources */,
			);
			runOnlyForDeploymentPostprocessing = 0;
		};
		B74A8CCB27BEC64C002F41CD /* Sources */ = {
			isa = PBXSourcesBuildPhase;
			buildActionMask = 2147483647;
			files = (
				B75F0DAF27C668360031412C /* UpdateCartRequestTests.swift in Sources */,
				B75F0DAD27C668360031412C /* RequestTests.swift in Sources */,
				B74A8D7727C0342F002F41CD /* RemoteGetProductUseCaseTests.swift in Sources */,
				B7C4376027C6625F0054CF33 /* RemoteAuthenticationUseCaseTests.swift in Sources */,
				B75F0DCB27C66B400031412C /* NativeHTTPClientTests.swift in Sources */,
				B75F0DA927C668360031412C /* GetProductRequestTests.swift in Sources */,
				B746946227C1327600060003 /* DateExtensionTests.swift in Sources */,
				B72AE26A27C51E2800525CCD /* StringExtensionTests.swift in Sources */,
				B72AE24827C41BC500525CCD /* UpdateProductInCartUseCaseTests.swift in Sources */,
				B74A8D6427BFEE77002F41CD /* Mocks.swift in Sources */,
				B74A8D4627BFDCA1002F41CD /* HTTPMethodTests.swift in Sources */,
				B72AE23A27C4099D00525CCD /* LocalAddProductToCartUseCaseTests.swift in Sources */,
				B75F0DA727C668360031412C /* GetAllProductsRequestTests.swift in Sources */,
				B72AE24227C4172300525CCD /* LocalRemoveProductInCartUseCaseTests.swift in Sources */,
				B75F0DAB27C668360031412C /* CreateCartRequestTests.swift in Sources */,
				B74A8D4827BFDCA1002F41CD /* HTTPErrorTests.swift in Sources */,
				B74A8D5B27BFE780002F41CD /* RemoteGetAllProductsUseCaseTests.swift in Sources */,
				B72AE22F27C400C500525CCD /* RemoteUpdateCartUseCaseTests.swift in Sources */,
				B74A8D0A27BEDED6002F41CD /* UsersTests.swift in Sources */,
				B74A8CE327BEC691002F41CD /* ModelTests.swift in Sources */,
				B74A8CFC27BED3F6002F41CD /* ProductTests.swift in Sources */,
				B74A8D7D27C10F67002F41CD /* RemoteGetCurrentCartUseCaseTests.swift in Sources */,
				B75F0DA527C668360031412C /* GetCurrentCartRequestTests.swift in Sources */,
				B72AE26427C51C0500525CCD /* ErrorExtensionTests.swift in Sources */,
				B74A8D3227BFC8BF002F41CD /* AuthenticationTests.swift in Sources */,
				B746947A27C3F05C00060003 /* RemoteCreateCartUseCaseTests.swift in Sources */,
				B74A8D6127BFE87F002F41CD /* MockHTTPClient.swift in Sources */,
				B75F0DD027C66B810031412C /* MockURLProtocol.swift in Sources */,
				B74A8D0427BEDC95002F41CD /* CartTests.swift in Sources */,
				B746946527C14B6F00060003 /* CartItemTests.swift in Sources */,
			);
			runOnlyForDeploymentPostprocessing = 0;
		};
		B74A8CE727BEC80C002F41CD /* Sources */ = {
			isa = PBXSourcesBuildPhase;
			buildActionMask = 2147483647;
			files = (
				B75F0DB027C668360031412C /* UpdateCartRequestTests.swift in Sources */,
				B75F0DAE27C668360031412C /* RequestTests.swift in Sources */,
				B74A8D7827C0342F002F41CD /* RemoteGetProductUseCaseTests.swift in Sources */,
				B7C4376127C6625F0054CF33 /* RemoteAuthenticationUseCaseTests.swift in Sources */,
				B75F0DCC27C66B400031412C /* NativeHTTPClientTests.swift in Sources */,
				B75F0DAA27C668360031412C /* GetProductRequestTests.swift in Sources */,
				B746946327C1327600060003 /* DateExtensionTests.swift in Sources */,
				B72AE26B27C51E2800525CCD /* StringExtensionTests.swift in Sources */,
				B72AE24927C41BC500525CCD /* UpdateProductInCartUseCaseTests.swift in Sources */,
				B74A8D6527BFEE77002F41CD /* Mocks.swift in Sources */,
				B74A8D4727BFDCA1002F41CD /* HTTPMethodTests.swift in Sources */,
				B72AE23B27C4099D00525CCD /* LocalAddProductToCartUseCaseTests.swift in Sources */,
				B75F0DA827C668360031412C /* GetAllProductsRequestTests.swift in Sources */,
				B72AE24327C4172300525CCD /* LocalRemoveProductInCartUseCaseTests.swift in Sources */,
				B75F0DAC27C668360031412C /* CreateCartRequestTests.swift in Sources */,
				B74A8D4927BFDCA1002F41CD /* HTTPErrorTests.swift in Sources */,
				B74A8D5C27BFE780002F41CD /* RemoteGetAllProductsUseCaseTests.swift in Sources */,
				B72AE23027C400C500525CCD /* RemoteUpdateCartUseCaseTests.swift in Sources */,
				B74A8D0B27BEDED6002F41CD /* UsersTests.swift in Sources */,
				B74A8CF427BEC81B002F41CD /* ModelTests.swift in Sources */,
				B74A8CFD27BED3F6002F41CD /* ProductTests.swift in Sources */,
				B74A8D7E27C10F67002F41CD /* RemoteGetCurrentCartUseCaseTests.swift in Sources */,
				B75F0DA627C668360031412C /* GetCurrentCartRequestTests.swift in Sources */,
				B72AE26527C51C0500525CCD /* ErrorExtensionTests.swift in Sources */,
				B74A8D3327BFC8BF002F41CD /* AuthenticationTests.swift in Sources */,
				B746947B27C3F05C00060003 /* RemoteCreateCartUseCaseTests.swift in Sources */,
				B74A8D6227BFE87F002F41CD /* MockHTTPClient.swift in Sources */,
				B75F0DD127C66B810031412C /* MockURLProtocol.swift in Sources */,
				B74A8D0527BEDC96002F41CD /* CartTests.swift in Sources */,
				B746946627C14B6F00060003 /* CartItemTests.swift in Sources */,
			);
			runOnlyForDeploymentPostprocessing = 0;
		};
/* End PBXSourcesBuildPhase section */

/* Begin PBXTargetDependency section */
		B74A8CD427BEC64C002F41CD /* PBXTargetDependency */ = {
			isa = PBXTargetDependency;
			target = B74A8C7827BEB5B2002F41CD /* WhiteLabelECommerce (iOS) */;
			targetProxy = B74A8CD327BEC64C002F41CD /* PBXContainerItemProxy */;
		};
		B74A8CF027BEC80C002F41CD /* PBXTargetDependency */ = {
			isa = PBXTargetDependency;
			target = B74A8C7E27BEB5B2002F41CD /* WhiteLabelECommerce (macOS) */;
			targetProxy = B74A8CEF27BEC80C002F41CD /* PBXContainerItemProxy */;
		};
/* End PBXTargetDependency section */

/* Begin XCBuildConfiguration section */
		B74A8CA427BEB5B2002F41CD /* Debug */ = {
			isa = XCBuildConfiguration;
			buildSettings = {
				ALWAYS_SEARCH_USER_PATHS = NO;
				CLANG_ANALYZER_NONNULL = YES;
				CLANG_ANALYZER_NUMBER_OBJECT_CONVERSION = YES_AGGRESSIVE;
				CLANG_CXX_LANGUAGE_STANDARD = "gnu++17";
				CLANG_CXX_LIBRARY = "libc++";
				CLANG_ENABLE_MODULES = YES;
				CLANG_ENABLE_OBJC_ARC = YES;
				CLANG_ENABLE_OBJC_WEAK = YES;
				CLANG_WARN_BLOCK_CAPTURE_AUTORELEASING = YES;
				CLANG_WARN_BOOL_CONVERSION = YES;
				CLANG_WARN_COMMA = YES;
				CLANG_WARN_CONSTANT_CONVERSION = YES;
				CLANG_WARN_DEPRECATED_OBJC_IMPLEMENTATIONS = YES;
				CLANG_WARN_DIRECT_OBJC_ISA_USAGE = YES_ERROR;
				CLANG_WARN_DOCUMENTATION_COMMENTS = YES;
				CLANG_WARN_EMPTY_BODY = YES;
				CLANG_WARN_ENUM_CONVERSION = YES;
				CLANG_WARN_INFINITE_RECURSION = YES;
				CLANG_WARN_INT_CONVERSION = YES;
				CLANG_WARN_NON_LITERAL_NULL_CONVERSION = YES;
				CLANG_WARN_OBJC_IMPLICIT_RETAIN_SELF = YES;
				CLANG_WARN_OBJC_LITERAL_CONVERSION = YES;
				CLANG_WARN_OBJC_ROOT_CLASS = YES_ERROR;
				CLANG_WARN_QUOTED_INCLUDE_IN_FRAMEWORK_HEADER = YES;
				CLANG_WARN_RANGE_LOOP_ANALYSIS = YES;
				CLANG_WARN_STRICT_PROTOTYPES = YES;
				CLANG_WARN_SUSPICIOUS_MOVE = YES;
				CLANG_WARN_UNGUARDED_AVAILABILITY = YES_AGGRESSIVE;
				CLANG_WARN_UNREACHABLE_CODE = YES;
				CLANG_WARN__DUPLICATE_METHOD_MATCH = YES;
				COPY_PHASE_STRIP = NO;
				DEBUG_INFORMATION_FORMAT = dwarf;
				ENABLE_STRICT_OBJC_MSGSEND = YES;
				ENABLE_TESTABILITY = YES;
				GCC_C_LANGUAGE_STANDARD = gnu11;
				GCC_DYNAMIC_NO_PIC = NO;
				GCC_NO_COMMON_BLOCKS = YES;
				GCC_OPTIMIZATION_LEVEL = 0;
				GCC_PREPROCESSOR_DEFINITIONS = (
					"DEBUG=1",
					"$(inherited)",
				);
				GCC_WARN_64_TO_32_BIT_CONVERSION = YES;
				GCC_WARN_ABOUT_RETURN_TYPE = YES_ERROR;
				GCC_WARN_UNDECLARED_SELECTOR = YES;
				GCC_WARN_UNINITIALIZED_AUTOS = YES_AGGRESSIVE;
				GCC_WARN_UNUSED_FUNCTION = YES;
				GCC_WARN_UNUSED_VARIABLE = YES;
				MTL_ENABLE_DEBUG_INFO = INCLUDE_SOURCE;
				MTL_FAST_MATH = YES;
				ONLY_ACTIVE_ARCH = YES;
				SWIFT_ACTIVE_COMPILATION_CONDITIONS = DEBUG;
				SWIFT_OPTIMIZATION_LEVEL = "-Onone";
			};
			name = Debug;
		};
		B74A8CA527BEB5B2002F41CD /* Release */ = {
			isa = XCBuildConfiguration;
			buildSettings = {
				ALWAYS_SEARCH_USER_PATHS = NO;
				CLANG_ANALYZER_NONNULL = YES;
				CLANG_ANALYZER_NUMBER_OBJECT_CONVERSION = YES_AGGRESSIVE;
				CLANG_CXX_LANGUAGE_STANDARD = "gnu++17";
				CLANG_CXX_LIBRARY = "libc++";
				CLANG_ENABLE_MODULES = YES;
				CLANG_ENABLE_OBJC_ARC = YES;
				CLANG_ENABLE_OBJC_WEAK = YES;
				CLANG_WARN_BLOCK_CAPTURE_AUTORELEASING = YES;
				CLANG_WARN_BOOL_CONVERSION = YES;
				CLANG_WARN_COMMA = YES;
				CLANG_WARN_CONSTANT_CONVERSION = YES;
				CLANG_WARN_DEPRECATED_OBJC_IMPLEMENTATIONS = YES;
				CLANG_WARN_DIRECT_OBJC_ISA_USAGE = YES_ERROR;
				CLANG_WARN_DOCUMENTATION_COMMENTS = YES;
				CLANG_WARN_EMPTY_BODY = YES;
				CLANG_WARN_ENUM_CONVERSION = YES;
				CLANG_WARN_INFINITE_RECURSION = YES;
				CLANG_WARN_INT_CONVERSION = YES;
				CLANG_WARN_NON_LITERAL_NULL_CONVERSION = YES;
				CLANG_WARN_OBJC_IMPLICIT_RETAIN_SELF = YES;
				CLANG_WARN_OBJC_LITERAL_CONVERSION = YES;
				CLANG_WARN_OBJC_ROOT_CLASS = YES_ERROR;
				CLANG_WARN_QUOTED_INCLUDE_IN_FRAMEWORK_HEADER = YES;
				CLANG_WARN_RANGE_LOOP_ANALYSIS = YES;
				CLANG_WARN_STRICT_PROTOTYPES = YES;
				CLANG_WARN_SUSPICIOUS_MOVE = YES;
				CLANG_WARN_UNGUARDED_AVAILABILITY = YES_AGGRESSIVE;
				CLANG_WARN_UNREACHABLE_CODE = YES;
				CLANG_WARN__DUPLICATE_METHOD_MATCH = YES;
				COPY_PHASE_STRIP = NO;
				DEBUG_INFORMATION_FORMAT = "dwarf-with-dsym";
				ENABLE_NS_ASSERTIONS = NO;
				ENABLE_STRICT_OBJC_MSGSEND = YES;
				GCC_C_LANGUAGE_STANDARD = gnu11;
				GCC_NO_COMMON_BLOCKS = YES;
				GCC_WARN_64_TO_32_BIT_CONVERSION = YES;
				GCC_WARN_ABOUT_RETURN_TYPE = YES_ERROR;
				GCC_WARN_UNDECLARED_SELECTOR = YES;
				GCC_WARN_UNINITIALIZED_AUTOS = YES_AGGRESSIVE;
				GCC_WARN_UNUSED_FUNCTION = YES;
				GCC_WARN_UNUSED_VARIABLE = YES;
				MTL_ENABLE_DEBUG_INFO = NO;
				MTL_FAST_MATH = YES;
				SWIFT_COMPILATION_MODE = wholemodule;
				SWIFT_OPTIMIZATION_LEVEL = "-O";
			};
			name = Release;
		};
		B74A8CA727BEB5B2002F41CD /* Debug */ = {
			isa = XCBuildConfiguration;
			baseConfigurationReference = 60E61A3B94C22716C2E0151E /* Pods-WhiteLabelECommerce (iOS).debug.xcconfig */;
			buildSettings = {
				ASSETCATALOG_COMPILER_APPICON_NAME = AppIcon;
				ASSETCATALOG_COMPILER_GLOBAL_ACCENT_COLOR_NAME = AccentColor;
				CODE_SIGN_STYLE = Automatic;
				CURRENT_PROJECT_VERSION = 1;
				DEVELOPMENT_TEAM = 66KNLMFJQ2;
				ENABLE_PREVIEWS = YES;
				GENERATE_INFOPLIST_FILE = YES;
				INFOPLIST_KEY_UIApplicationSceneManifest_Generation = YES;
				INFOPLIST_KEY_UIApplicationSupportsIndirectInputEvents = YES;
				INFOPLIST_KEY_UILaunchScreen_Generation = YES;
				INFOPLIST_KEY_UISupportedInterfaceOrientations_iPad = "UIInterfaceOrientationPortrait UIInterfaceOrientationPortraitUpsideDown UIInterfaceOrientationLandscapeLeft UIInterfaceOrientationLandscapeRight";
				INFOPLIST_KEY_UISupportedInterfaceOrientations_iPhone = "UIInterfaceOrientationPortrait UIInterfaceOrientationLandscapeLeft UIInterfaceOrientationLandscapeRight";
				IPHONEOS_DEPLOYMENT_TARGET = 15.2;
				LD_RUNPATH_SEARCH_PATHS = (
					"$(inherited)",
					"@executable_path/Frameworks",
				);
				MARKETING_VERSION = 1.0;
				PRODUCT_BUNDLE_IDENTIFIER = com.notorious.WhiteLabelECommerce;
				PRODUCT_NAME = WhiteLabelECommerce;
				SDKROOT = iphoneos;
				SWIFT_EMIT_LOC_STRINGS = YES;
				SWIFT_VERSION = 5.0;
				TARGETED_DEVICE_FAMILY = "1,2";
			};
			name = Debug;
		};
		B74A8CA827BEB5B2002F41CD /* Release */ = {
			isa = XCBuildConfiguration;
			baseConfigurationReference = 353C024767C7BFBC452EC9B8 /* Pods-WhiteLabelECommerce (iOS).release.xcconfig */;
			buildSettings = {
				ASSETCATALOG_COMPILER_APPICON_NAME = AppIcon;
				ASSETCATALOG_COMPILER_GLOBAL_ACCENT_COLOR_NAME = AccentColor;
				CODE_SIGN_STYLE = Automatic;
				CURRENT_PROJECT_VERSION = 1;
				DEVELOPMENT_TEAM = 66KNLMFJQ2;
				ENABLE_PREVIEWS = YES;
				GENERATE_INFOPLIST_FILE = YES;
				INFOPLIST_KEY_UIApplicationSceneManifest_Generation = YES;
				INFOPLIST_KEY_UIApplicationSupportsIndirectInputEvents = YES;
				INFOPLIST_KEY_UILaunchScreen_Generation = YES;
				INFOPLIST_KEY_UISupportedInterfaceOrientations_iPad = "UIInterfaceOrientationPortrait UIInterfaceOrientationPortraitUpsideDown UIInterfaceOrientationLandscapeLeft UIInterfaceOrientationLandscapeRight";
				INFOPLIST_KEY_UISupportedInterfaceOrientations_iPhone = "UIInterfaceOrientationPortrait UIInterfaceOrientationLandscapeLeft UIInterfaceOrientationLandscapeRight";
				IPHONEOS_DEPLOYMENT_TARGET = 15.2;
				LD_RUNPATH_SEARCH_PATHS = (
					"$(inherited)",
					"@executable_path/Frameworks",
				);
				MARKETING_VERSION = 1.0;
				PRODUCT_BUNDLE_IDENTIFIER = com.notorious.WhiteLabelECommerce;
				PRODUCT_NAME = WhiteLabelECommerce;
				SDKROOT = iphoneos;
				SWIFT_EMIT_LOC_STRINGS = YES;
				SWIFT_VERSION = 5.0;
				TARGETED_DEVICE_FAMILY = "1,2";
				VALIDATE_PRODUCT = YES;
			};
			name = Release;
		};
		B74A8CAA27BEB5B2002F41CD /* Debug */ = {
			isa = XCBuildConfiguration;
			baseConfigurationReference = BA6E0B546F4FD4A3350FF362 /* Pods-WhiteLabelECommerce (macOS).debug.xcconfig */;
			buildSettings = {
				ASSETCATALOG_COMPILER_APPICON_NAME = AppIcon;
				ASSETCATALOG_COMPILER_GLOBAL_ACCENT_COLOR_NAME = AccentColor;
				CODE_SIGN_ENTITLEMENTS = macOS/macOS.entitlements;
				CODE_SIGN_STYLE = Automatic;
				COMBINE_HIDPI_IMAGES = YES;
				CURRENT_PROJECT_VERSION = 1;
				DEVELOPMENT_TEAM = 66KNLMFJQ2;
				ENABLE_HARDENED_RUNTIME = YES;
				ENABLE_PREVIEWS = YES;
				GENERATE_INFOPLIST_FILE = YES;
				INFOPLIST_KEY_NSHumanReadableCopyright = "";
				LD_RUNPATH_SEARCH_PATHS = (
					"$(inherited)",
					"@executable_path/../Frameworks",
				);
				MACOSX_DEPLOYMENT_TARGET = 12.1;
				MARKETING_VERSION = 1.0;
				PRODUCT_BUNDLE_IDENTIFIER = com.notorious.WhiteLabelECommerce;
				PRODUCT_NAME = WhiteLabelECommerce;
				SDKROOT = macosx;
				SWIFT_EMIT_LOC_STRINGS = YES;
				SWIFT_VERSION = 5.0;
			};
			name = Debug;
		};
		B74A8CAB27BEB5B2002F41CD /* Release */ = {
			isa = XCBuildConfiguration;
			baseConfigurationReference = 91F47F37A635D63E7CC79D63 /* Pods-WhiteLabelECommerce (macOS).release.xcconfig */;
			buildSettings = {
				ASSETCATALOG_COMPILER_APPICON_NAME = AppIcon;
				ASSETCATALOG_COMPILER_GLOBAL_ACCENT_COLOR_NAME = AccentColor;
				CODE_SIGN_ENTITLEMENTS = macOS/macOS.entitlements;
				CODE_SIGN_STYLE = Automatic;
				COMBINE_HIDPI_IMAGES = YES;
				CURRENT_PROJECT_VERSION = 1;
				DEVELOPMENT_TEAM = 66KNLMFJQ2;
				ENABLE_HARDENED_RUNTIME = YES;
				ENABLE_PREVIEWS = YES;
				GENERATE_INFOPLIST_FILE = YES;
				INFOPLIST_KEY_NSHumanReadableCopyright = "";
				LD_RUNPATH_SEARCH_PATHS = (
					"$(inherited)",
					"@executable_path/../Frameworks",
				);
				MACOSX_DEPLOYMENT_TARGET = 12.1;
				MARKETING_VERSION = 1.0;
				PRODUCT_BUNDLE_IDENTIFIER = com.notorious.WhiteLabelECommerce;
				PRODUCT_NAME = WhiteLabelECommerce;
				SDKROOT = macosx;
				SWIFT_EMIT_LOC_STRINGS = YES;
				SWIFT_VERSION = 5.0;
			};
			name = Release;
		};
		B74A8CD627BEC64C002F41CD /* Debug */ = {
			isa = XCBuildConfiguration;
			baseConfigurationReference = FD1398C74CEE0A30D991E860 /* Pods-WhiteLabelECommerceTests(iOS).debug.xcconfig */;
			buildSettings = {
				BUNDLE_LOADER = "$(TEST_HOST)";
				CODE_SIGN_STYLE = Automatic;
				CURRENT_PROJECT_VERSION = 1;
				DEVELOPMENT_TEAM = 66KNLMFJQ2;
				GENERATE_INFOPLIST_FILE = YES;
				IPHONEOS_DEPLOYMENT_TARGET = 15.2;
				MARKETING_VERSION = 1.0;
				PRODUCT_BUNDLE_IDENTIFIER = "com.notorious.WhiteLabelECommerceTests-iOS-";
				PRODUCT_NAME = "$(TARGET_NAME)";
				SDKROOT = iphoneos;
				SWIFT_EMIT_LOC_STRINGS = NO;
				SWIFT_VERSION = 5.0;
				TARGETED_DEVICE_FAMILY = "1,2";
				TEST_HOST = "$(BUILT_PRODUCTS_DIR)/WhiteLabelECommerce.app/WhiteLabelECommerce";
			};
			name = Debug;
		};
		B74A8CD727BEC64C002F41CD /* Release */ = {
			isa = XCBuildConfiguration;
			baseConfigurationReference = 70B308FDB1ADA6F52CD95A10 /* Pods-WhiteLabelECommerceTests(iOS).release.xcconfig */;
			buildSettings = {
				BUNDLE_LOADER = "$(TEST_HOST)";
				CODE_SIGN_STYLE = Automatic;
				CURRENT_PROJECT_VERSION = 1;
				DEVELOPMENT_TEAM = 66KNLMFJQ2;
				GENERATE_INFOPLIST_FILE = YES;
				IPHONEOS_DEPLOYMENT_TARGET = 15.2;
				MARKETING_VERSION = 1.0;
				PRODUCT_BUNDLE_IDENTIFIER = "com.notorious.WhiteLabelECommerceTests-iOS-";
				PRODUCT_NAME = "$(TARGET_NAME)";
				SDKROOT = iphoneos;
				SWIFT_EMIT_LOC_STRINGS = NO;
				SWIFT_VERSION = 5.0;
				TARGETED_DEVICE_FAMILY = "1,2";
				TEST_HOST = "$(BUILT_PRODUCTS_DIR)/WhiteLabelECommerce.app/WhiteLabelECommerce";
				VALIDATE_PRODUCT = YES;
			};
			name = Release;
		};
		B74A8CF227BEC80C002F41CD /* Debug */ = {
			isa = XCBuildConfiguration;
			baseConfigurationReference = 6699D83C401AC3026BC1322C /* Pods-WhiteLabelECommerceTests(mac).debug.xcconfig */;
			buildSettings = {
				BUNDLE_LOADER = "$(TEST_HOST)";
				CODE_SIGN_STYLE = Automatic;
				CURRENT_PROJECT_VERSION = 1;
				DEVELOPMENT_TEAM = 66KNLMFJQ2;
				GENERATE_INFOPLIST_FILE = YES;
				MACOSX_DEPLOYMENT_TARGET = 12.1;
				MARKETING_VERSION = 1.0;
				PRODUCT_BUNDLE_IDENTIFIER = "com.notorious.WhiteLabelECommerceTests-mac-";
				PRODUCT_NAME = "$(TARGET_NAME)";
				SDKROOT = macosx;
				SWIFT_EMIT_LOC_STRINGS = NO;
				SWIFT_VERSION = 5.0;
				TEST_HOST = "$(BUILT_PRODUCTS_DIR)/WhiteLabelECommerce.app/Contents/MacOS/WhiteLabelECommerce";
			};
			name = Debug;
		};
		B74A8CF327BEC80C002F41CD /* Release */ = {
			isa = XCBuildConfiguration;
			baseConfigurationReference = 4ECF3023D916280F28FD529E /* Pods-WhiteLabelECommerceTests(mac).release.xcconfig */;
			buildSettings = {
				BUNDLE_LOADER = "$(TEST_HOST)";
				CODE_SIGN_STYLE = Automatic;
				CURRENT_PROJECT_VERSION = 1;
				DEVELOPMENT_TEAM = 66KNLMFJQ2;
				GENERATE_INFOPLIST_FILE = YES;
				MACOSX_DEPLOYMENT_TARGET = 12.1;
				MARKETING_VERSION = 1.0;
				PRODUCT_BUNDLE_IDENTIFIER = "com.notorious.WhiteLabelECommerceTests-mac-";
				PRODUCT_NAME = "$(TARGET_NAME)";
				SDKROOT = macosx;
				SWIFT_EMIT_LOC_STRINGS = NO;
				SWIFT_VERSION = 5.0;
				TEST_HOST = "$(BUILT_PRODUCTS_DIR)/WhiteLabelECommerce.app/Contents/MacOS/WhiteLabelECommerce";
			};
			name = Release;
		};
/* End XCBuildConfiguration section */

/* Begin XCConfigurationList section */
		B74A8C6D27BEB5B1002F41CD /* Build configuration list for PBXProject "WhiteLabelECommerce" */ = {
			isa = XCConfigurationList;
			buildConfigurations = (
				B74A8CA427BEB5B2002F41CD /* Debug */,
				B74A8CA527BEB5B2002F41CD /* Release */,
			);
			defaultConfigurationIsVisible = 0;
			defaultConfigurationName = Release;
		};
		B74A8CA627BEB5B2002F41CD /* Build configuration list for PBXNativeTarget "WhiteLabelECommerce (iOS)" */ = {
			isa = XCConfigurationList;
			buildConfigurations = (
				B74A8CA727BEB5B2002F41CD /* Debug */,
				B74A8CA827BEB5B2002F41CD /* Release */,
			);
			defaultConfigurationIsVisible = 0;
			defaultConfigurationName = Release;
		};
		B74A8CA927BEB5B2002F41CD /* Build configuration list for PBXNativeTarget "WhiteLabelECommerce (macOS)" */ = {
			isa = XCConfigurationList;
			buildConfigurations = (
				B74A8CAA27BEB5B2002F41CD /* Debug */,
				B74A8CAB27BEB5B2002F41CD /* Release */,
			);
			defaultConfigurationIsVisible = 0;
			defaultConfigurationName = Release;
		};
		B74A8CD527BEC64C002F41CD /* Build configuration list for PBXNativeTarget "WhiteLabelECommerceTests(iOS)" */ = {
			isa = XCConfigurationList;
			buildConfigurations = (
				B74A8CD627BEC64C002F41CD /* Debug */,
				B74A8CD727BEC64C002F41CD /* Release */,
			);
			defaultConfigurationIsVisible = 0;
			defaultConfigurationName = Release;
		};
		B74A8CF127BEC80C002F41CD /* Build configuration list for PBXNativeTarget "WhiteLabelECommerceTests(mac)" */ = {
			isa = XCConfigurationList;
			buildConfigurations = (
				B74A8CF227BEC80C002F41CD /* Debug */,
				B74A8CF327BEC80C002F41CD /* Release */,
			);
			defaultConfigurationIsVisible = 0;
			defaultConfigurationName = Release;
		};
/* End XCConfigurationList section */

/* Begin XCVersionGroup section */
		B74A8C6F27BEB5B1002F41CD /* WhiteLabelECommerce.xcdatamodeld */ = {
			isa = XCVersionGroup;
			children = (
				B74A8C7027BEB5B1002F41CD /* Shared.xcdatamodel */,
			);
			currentVersion = B74A8C7027BEB5B1002F41CD /* Shared.xcdatamodel */;
			path = WhiteLabelECommerce.xcdatamodeld;
			sourceTree = "<group>";
			versionGroupType = wrapper.xcdatamodel;
		};
/* End XCVersionGroup section */
	};
	rootObject = B74A8C6A27BEB5B1002F41CD /* Project object */;
}
